// !$*UTF8*$!
{
	archiveVersion = 1;
	classes = {
	};
	objectVersion = 46;
	objects = {

/* Begin PBXBuildFile section */
		CE13B9A81B86B8D8007C58BF /* RecordMenuViewController.m in Sources */ = {isa = PBXBuildFile; fileRef = CE13B9A71B86B8D8007C58BF /* RecordMenuViewController.m */; };
		CE13B9AB1B86B8F1007C58BF /* RecordMenuCell.m in Sources */ = {isa = PBXBuildFile; fileRef = CE13B9AA1B86B8F1007C58BF /* RecordMenuCell.m */; };
		CE13B9AF1B86C0C8007C58BF /* DelegateViewController.m in Sources */ = {isa = PBXBuildFile; fileRef = CE13B9AE1B86C0C8007C58BF /* DelegateViewController.m */; };
		CE13B9B11B8732BD007C58BF /* iAd.framework in Frameworks */ = {isa = PBXBuildFile; fileRef = CE13B9B01B8732BD007C58BF /* iAd.framework */; };
		CE43B4221B8462F80010B514 /* LeftMenuItemCell.m in Sources */ = {isa = PBXBuildFile; fileRef = CE43B4211B8462F80010B514 /* LeftMenuItemCell.m */; };
		CE5EBD011B831898001B5FD4 /* LeftMenuViewController.m in Sources */ = {isa = PBXBuildFile; fileRef = CE5EBD001B831898001B5FD4 /* LeftMenuViewController.m */; };
		CE6907291B8AB18400B8852B /* MainMenuViewController.m in Sources */ = {isa = PBXBuildFile; fileRef = CE6907281B8AB18400B8852B /* MainMenuViewController.m */; };
		CE84A8251B8C3D57001AD1AC /* GridButton.m in Sources */ = {isa = PBXBuildFile; fileRef = CE84A8241B8C3D57001AD1AC /* GridButton.m */; };
		CEB79A361B857082001C7806 /* RecordManager.m in Sources */ = {isa = PBXBuildFile; fileRef = CEB79A351B857082001C7806 /* RecordManager.m */; };
		CEB79A3C1B858399001C7806 /* Helper.m in Sources */ = {isa = PBXBuildFile; fileRef = CEB79A3B1B858399001C7806 /* Helper.m */; };
		CECB4B571B81BDC900F4EBCD /* main.m in Sources */ = {isa = PBXBuildFile; fileRef = CECB4B561B81BDC900F4EBCD /* main.m */; };
		CECB4B5A1B81BDC900F4EBCD /* AppDelegate.m in Sources */ = {isa = PBXBuildFile; fileRef = CECB4B591B81BDC900F4EBCD /* AppDelegate.m */; };
		CECB4B5D1B81BDC900F4EBCD /* CalculatorViewController.m in Sources */ = {isa = PBXBuildFile; fileRef = CECB4B5C1B81BDC900F4EBCD /* CalculatorViewController.m */; };
		CECB4B601B81BDC900F4EBCD /* Main.storyboard in Resources */ = {isa = PBXBuildFile; fileRef = CECB4B5E1B81BDC900F4EBCD /* Main.storyboard */; };
		CECB4B621B81BDC900F4EBCD /* Images.xcassets in Resources */ = {isa = PBXBuildFile; fileRef = CECB4B611B81BDC900F4EBCD /* Images.xcassets */; };
		CECB4B651B81BDC900F4EBCD /* LaunchScreen.xib in Resources */ = {isa = PBXBuildFile; fileRef = CECB4B631B81BDC900F4EBCD /* LaunchScreen.xib */; };
		CECB4B711B81BDC900F4EBCD /* CalculatorTests.m in Sources */ = {isa = PBXBuildFile; fileRef = CECB4B701B81BDC900F4EBCD /* CalculatorTests.m */; };
/* End PBXBuildFile section */

/* Begin PBXContainerItemProxy section */
		CECB4B6B1B81BDC900F4EBCD /* PBXContainerItemProxy */ = {
			isa = PBXContainerItemProxy;
			containerPortal = CECB4B491B81BDC900F4EBCD /* Project object */;
			proxyType = 1;
			remoteGlobalIDString = CECB4B501B81BDC900F4EBCD;
			remoteInfo = Calculator;
		};
/* End PBXContainerItemProxy section */

/* Begin PBXFileReference section */
		CE13B9A61B86B8D8007C58BF /* RecordMenuViewController.h */ = {isa = PBXFileReference; fileEncoding = 4; lastKnownFileType = sourcecode.c.h; path = RecordMenuViewController.h; sourceTree = "<group>"; };
		CE13B9A71B86B8D8007C58BF /* RecordMenuViewController.m */ = {isa = PBXFileReference; fileEncoding = 4; lastKnownFileType = sourcecode.c.objc; path = RecordMenuViewController.m; sourceTree = "<group>"; };
		CE13B9A91B86B8F1007C58BF /* RecordMenuCell.h */ = {isa = PBXFileReference; fileEncoding = 4; lastKnownFileType = sourcecode.c.h; path = RecordMenuCell.h; sourceTree = "<group>"; };
		CE13B9AA1B86B8F1007C58BF /* RecordMenuCell.m */ = {isa = PBXFileReference; fileEncoding = 4; lastKnownFileType = sourcecode.c.objc; path = RecordMenuCell.m; sourceTree = "<group>"; };
		CE13B9AD1B86C0C8007C58BF /* DelegateViewController.h */ = {isa = PBXFileReference; fileEncoding = 4; lastKnownFileType = sourcecode.c.h; path = DelegateViewController.h; sourceTree = "<group>"; };
		CE13B9AE1B86C0C8007C58BF /* DelegateViewController.m */ = {isa = PBXFileReference; fileEncoding = 4; lastKnownFileType = sourcecode.c.objc; path = DelegateViewController.m; sourceTree = "<group>"; };
		CE13B9B01B8732BD007C58BF /* iAd.framework */ = {isa = PBXFileReference; lastKnownFileType = wrapper.framework; name = iAd.framework; path = System/Library/Frameworks/iAd.framework; sourceTree = SDKROOT; };
		CE43B4201B8462F80010B514 /* LeftMenuItemCell.h */ = {isa = PBXFileReference; fileEncoding = 4; lastKnownFileType = sourcecode.c.h; path = LeftMenuItemCell.h; sourceTree = "<group>"; };
		CE43B4211B8462F80010B514 /* LeftMenuItemCell.m */ = {isa = PBXFileReference; fileEncoding = 4; lastKnownFileType = sourcecode.c.objc; path = LeftMenuItemCell.m; sourceTree = "<group>"; };
		CE5EBCFF1B831898001B5FD4 /* LeftMenuViewController.h */ = {isa = PBXFileReference; fileEncoding = 4; lastKnownFileType = sourcecode.c.h; path = LeftMenuViewController.h; sourceTree = "<group>"; };
		CE5EBD001B831898001B5FD4 /* LeftMenuViewController.m */ = {isa = PBXFileReference; fileEncoding = 4; lastKnownFileType = sourcecode.c.objc; path = LeftMenuViewController.m; sourceTree = "<group>"; };
		CE6907271B8AB18400B8852B /* MainMenuViewController.h */ = {isa = PBXFileReference; fileEncoding = 4; lastKnownFileType = sourcecode.c.h; path = MainMenuViewController.h; sourceTree = "<group>"; };
		CE6907281B8AB18400B8852B /* MainMenuViewController.m */ = {isa = PBXFileReference; fileEncoding = 4; lastKnownFileType = sourcecode.c.objc; path = MainMenuViewController.m; sourceTree = "<group>"; };
		CE84A8231B8C3D57001AD1AC /* GridButton.h */ = {isa = PBXFileReference; fileEncoding = 4; lastKnownFileType = sourcecode.c.h; path = GridButton.h; sourceTree = "<group>"; };
		CE84A8241B8C3D57001AD1AC /* GridButton.m */ = {isa = PBXFileReference; fileEncoding = 4; lastKnownFileType = sourcecode.c.objc; path = GridButton.m; sourceTree = "<group>"; };
		CEB79A341B857082001C7806 /* RecordManager.h */ = {isa = PBXFileReference; fileEncoding = 4; lastKnownFileType = sourcecode.c.h; path = RecordManager.h; sourceTree = "<group>"; };
		CEB79A351B857082001C7806 /* RecordManager.m */ = {isa = PBXFileReference; fileEncoding = 4; lastKnownFileType = sourcecode.c.objc; path = RecordManager.m; sourceTree = "<group>"; };
		CEB79A3A1B858399001C7806 /* Helper.h */ = {isa = PBXFileReference; fileEncoding = 4; lastKnownFileType = sourcecode.c.h; path = Helper.h; sourceTree = "<group>"; };
		CEB79A3B1B858399001C7806 /* Helper.m */ = {isa = PBXFileReference; fileEncoding = 4; lastKnownFileType = sourcecode.c.objc; path = Helper.m; sourceTree = "<group>"; };
		CECB4B511B81BDC900F4EBCD /* Calculator.app */ = {isa = PBXFileReference; explicitFileType = wrapper.application; includeInIndex = 0; path = Calculator.app; sourceTree = BUILT_PRODUCTS_DIR; };
		CECB4B551B81BDC900F4EBCD /* Info.plist */ = {isa = PBXFileReference; lastKnownFileType = text.plist.xml; path = Info.plist; sourceTree = "<group>"; };
		CECB4B561B81BDC900F4EBCD /* main.m */ = {isa = PBXFileReference; lastKnownFileType = sourcecode.c.objc; path = main.m; sourceTree = "<group>"; };
		CECB4B581B81BDC900F4EBCD /* AppDelegate.h */ = {isa = PBXFileReference; lastKnownFileType = sourcecode.c.h; path = AppDelegate.h; sourceTree = "<group>"; };
		CECB4B591B81BDC900F4EBCD /* AppDelegate.m */ = {isa = PBXFileReference; lastKnownFileType = sourcecode.c.objc; path = AppDelegate.m; sourceTree = "<group>"; };
		CECB4B5B1B81BDC900F4EBCD /* CalculatorViewController.h */ = {isa = PBXFileReference; lastKnownFileType = sourcecode.c.h; path = CalculatorViewController.h; sourceTree = "<group>"; };
		CECB4B5C1B81BDC900F4EBCD /* CalculatorViewController.m */ = {isa = PBXFileReference; lastKnownFileType = sourcecode.c.objc; path = CalculatorViewController.m; sourceTree = "<group>"; };
		CECB4B5F1B81BDC900F4EBCD /* Base */ = {isa = PBXFileReference; lastKnownFileType = file.storyboard; name = Base; path = Base.lproj/Main.storyboard; sourceTree = "<group>"; };
		CECB4B611B81BDC900F4EBCD /* Images.xcassets */ = {isa = PBXFileReference; lastKnownFileType = folder.assetcatalog; path = Images.xcassets; sourceTree = "<group>"; };
		CECB4B641B81BDC900F4EBCD /* Base */ = {isa = PBXFileReference; lastKnownFileType = file.xib; name = Base; path = Base.lproj/LaunchScreen.xib; sourceTree = "<group>"; };
		CECB4B6A1B81BDC900F4EBCD /* CalculatorTests.xctest */ = {isa = PBXFileReference; explicitFileType = wrapper.cfbundle; includeInIndex = 0; path = CalculatorTests.xctest; sourceTree = BUILT_PRODUCTS_DIR; };
		CECB4B6F1B81BDC900F4EBCD /* Info.plist */ = {isa = PBXFileReference; lastKnownFileType = text.plist.xml; path = Info.plist; sourceTree = "<group>"; };
		CECB4B701B81BDC900F4EBCD /* CalculatorTests.m */ = {isa = PBXFileReference; lastKnownFileType = sourcecode.c.objc; path = CalculatorTests.m; sourceTree = "<group>"; };
/* End PBXFileReference section */

/* Begin PBXFrameworksBuildPhase section */
		CECB4B4E1B81BDC900F4EBCD /* Frameworks */ = {
			isa = PBXFrameworksBuildPhase;
			buildActionMask = 2147483647;
			files = (
				CE13B9B11B8732BD007C58BF /* iAd.framework in Frameworks */,
			);
			runOnlyForDeploymentPostprocessing = 0;
		};
		CECB4B671B81BDC900F4EBCD /* Frameworks */ = {
			isa = PBXFrameworksBuildPhase;
			buildActionMask = 2147483647;
			files = (
			);
			runOnlyForDeploymentPostprocessing = 0;
		};
/* End PBXFrameworksBuildPhase section */

/* Begin PBXGroup section */
		CE13B9A51B86B8B6007C58BF /* RecordMenu */ = {
			isa = PBXGroup;
			children = (
				CE13B9A61B86B8D8007C58BF /* RecordMenuViewController.h */,
				CE13B9A71B86B8D8007C58BF /* RecordMenuViewController.m */,
				CE13B9A91B86B8F1007C58BF /* RecordMenuCell.h */,
				CE13B9AA1B86B8F1007C58BF /* RecordMenuCell.m */,
			);
			name = RecordMenu;
			sourceTree = "<group>";
		};
		CE13B9AC1B86C09F007C58BF /* DelegateViewController */ = {
			isa = PBXGroup;
			children = (
				CE13B9AD1B86C0C8007C58BF /* DelegateViewController.h */,
				CE13B9AE1B86C0C8007C58BF /* DelegateViewController.m */,
			);
			name = DelegateViewController;
			sourceTree = "<group>";
		};
		CE6907231B8AB05500B8852B /* CalculatorModule */ = {
			isa = PBXGroup;
			children = (
				CEB79A2D1B856F5E001C7806 /* LeftMenu */,
				CEB79A2F1B856F91001C7806 /* Calculator */,
				CEB79A331B857063001C7806 /* RecordManager */,
				CE13B9A51B86B8B6007C58BF /* RecordMenu */,
			);
			name = CalculatorModule;
			sourceTree = "<group>";
		};
		CE6907241B8AB11D00B8852B /* Common */ = {
			isa = PBXGroup;
			children = (
				CEB79A391B858381001C7806 /* Helper */,
				CE13B9AC1B86C09F007C58BF /* DelegateViewController */,
			);
			name = Common;
			sourceTree = "<group>";
		};
		CE6907251B8AB15300B8852B /* MainMenuModule */ = {
			isa = PBXGroup;
			children = (
				CE6907261B8AB16B00B8852B /* MainMenu */,
			);
			name = MainMenuModule;
			sourceTree = "<group>";
		};
		CE6907261B8AB16B00B8852B /* MainMenu */ = {
			isa = PBXGroup;
			children = (
				CE6907271B8AB18400B8852B /* MainMenuViewController.h */,
				CE6907281B8AB18400B8852B /* MainMenuViewController.m */,
			);
			name = MainMenu;
			sourceTree = "<group>";
		};
		CE84A8221B8C3CE7001AD1AC /* CustomizeButton */ = {
			isa = PBXGroup;
			children = (
				CE84A8231B8C3D57001AD1AC /* GridButton.h */,
				CE84A8241B8C3D57001AD1AC /* GridButton.m */,
			);
			name = CustomizeButton;
			sourceTree = "<group>";
		};
		CEB79A2D1B856F5E001C7806 /* LeftMenu */ = {
			isa = PBXGroup;
			children = (
				CE5EBCFF1B831898001B5FD4 /* LeftMenuViewController.h */,
				CE5EBD001B831898001B5FD4 /* LeftMenuViewController.m */,
				CE43B4201B8462F80010B514 /* LeftMenuItemCell.h */,
				CE43B4211B8462F80010B514 /* LeftMenuItemCell.m */,
			);
			name = LeftMenu;
			sourceTree = "<group>";
		};
		CEB79A2F1B856F91001C7806 /* Calculator */ = {
			isa = PBXGroup;
			children = (
				CECB4B5B1B81BDC900F4EBCD /* CalculatorViewController.h */,
				CECB4B5C1B81BDC900F4EBCD /* CalculatorViewController.m */,
			);
			name = Calculator;
			sourceTree = "<group>";
		};
		CEB79A331B857063001C7806 /* RecordManager */ = {
			isa = PBXGroup;
			children = (
				CEB79A341B857082001C7806 /* RecordManager.h */,
				CEB79A351B857082001C7806 /* RecordManager.m */,
			);
			name = RecordManager;
			sourceTree = "<group>";
		};
		CEB79A391B858381001C7806 /* Helper */ = {
			isa = PBXGroup;
			children = (
				CEB79A3A1B858399001C7806 /* Helper.h */,
				CEB79A3B1B858399001C7806 /* Helper.m */,
			);
			name = Helper;
			sourceTree = "<group>";
		};
		CECB4B481B81BDC900F4EBCD = {
			isa = PBXGroup;
			children = (
				CE13B9B01B8732BD007C58BF /* iAd.framework */,
				CECB4B531B81BDC900F4EBCD /* Calculator */,
				CECB4B6D1B81BDC900F4EBCD /* CalculatorTests */,
				CECB4B521B81BDC900F4EBCD /* Products */,
			);
			sourceTree = "<group>";
		};
		CECB4B521B81BDC900F4EBCD /* Products */ = {
			isa = PBXGroup;
			children = (
				CECB4B511B81BDC900F4EBCD /* Calculator.app */,
				CECB4B6A1B81BDC900F4EBCD /* CalculatorTests.xctest */,
			);
			name = Products;
			sourceTree = "<group>";
		};
		CECB4B531B81BDC900F4EBCD /* Calculator */ = {
			isa = PBXGroup;
			children = (
				CE84A8221B8C3CE7001AD1AC /* CustomizeButton */,
				CE6907241B8AB11D00B8852B /* Common */,
				CE6907251B8AB15300B8852B /* MainMenuModule */,
				CE6907231B8AB05500B8852B /* CalculatorModule */,
				CECB4B581B81BDC900F4EBCD /* AppDelegate.h */,
				CECB4B591B81BDC900F4EBCD /* AppDelegate.m */,
				CECB4B5E1B81BDC900F4EBCD /* Main.storyboard */,
				CECB4B611B81BDC900F4EBCD /* Images.xcassets */,
				CECB4B631B81BDC900F4EBCD /* LaunchScreen.xib */,
				CECB4B541B81BDC900F4EBCD /* Supporting Files */,
			);
			path = Calculator;
			sourceTree = "<group>";
		};
		CECB4B541B81BDC900F4EBCD /* Supporting Files */ = {
			isa = PBXGroup;
			children = (
				CECB4B551B81BDC900F4EBCD /* Info.plist */,
				CECB4B561B81BDC900F4EBCD /* main.m */,
			);
			name = "Supporting Files";
			sourceTree = "<group>";
		};
		CECB4B6D1B81BDC900F4EBCD /* CalculatorTests */ = {
			isa = PBXGroup;
			children = (
				CECB4B701B81BDC900F4EBCD /* CalculatorTests.m */,
				CECB4B6E1B81BDC900F4EBCD /* Supporting Files */,
			);
			path = CalculatorTests;
			sourceTree = "<group>";
		};
		CECB4B6E1B81BDC900F4EBCD /* Supporting Files */ = {
			isa = PBXGroup;
			children = (
				CECB4B6F1B81BDC900F4EBCD /* Info.plist */,
			);
			name = "Supporting Files";
			sourceTree = "<group>";
		};
/* End PBXGroup section */

/* Begin PBXNativeTarget section */
		CECB4B501B81BDC900F4EBCD /* Calculator */ = {
			isa = PBXNativeTarget;
			buildConfigurationList = CECB4B741B81BDC900F4EBCD /* Build configuration list for PBXNativeTarget "Calculator" */;
			buildPhases = (
				CECB4B4D1B81BDC900F4EBCD /* Sources */,
				CECB4B4E1B81BDC900F4EBCD /* Frameworks */,
				CECB4B4F1B81BDC900F4EBCD /* Resources */,
			);
			buildRules = (
			);
			dependencies = (
			);
			name = Calculator;
			productName = Calculator;
			productReference = CECB4B511B81BDC900F4EBCD /* Calculator.app */;
			productType = "com.apple.product-type.application";
		};
		CECB4B691B81BDC900F4EBCD /* CalculatorTests */ = {
			isa = PBXNativeTarget;
			buildConfigurationList = CECB4B771B81BDC900F4EBCD /* Build configuration list for PBXNativeTarget "CalculatorTests" */;
			buildPhases = (
				CECB4B661B81BDC900F4EBCD /* Sources */,
				CECB4B671B81BDC900F4EBCD /* Frameworks */,
				CECB4B681B81BDC900F4EBCD /* Resources */,
			);
			buildRules = (
			);
			dependencies = (
				CECB4B6C1B81BDC900F4EBCD /* PBXTargetDependency */,
			);
			name = CalculatorTests;
			productName = CalculatorTests;
			productReference = CECB4B6A1B81BDC900F4EBCD /* CalculatorTests.xctest */;
			productType = "com.apple.product-type.bundle.unit-test";
		};
/* End PBXNativeTarget section */

/* Begin PBXProject section */
		CECB4B491B81BDC900F4EBCD /* Project object */ = {
			isa = PBXProject;
			attributes = {
				LastUpgradeCheck = 0640;
				ORGANIZATIONNAME = ArcTech;
				TargetAttributes = {
					CECB4B501B81BDC900F4EBCD = {
						CreatedOnToolsVersion = 6.4;
						DevelopmentTeam = D7S3BX6UT5;
					};
					CECB4B691B81BDC900F4EBCD = {
						CreatedOnToolsVersion = 6.4;
						TestTargetID = CECB4B501B81BDC900F4EBCD;
					};
				};
			};
			buildConfigurationList = CECB4B4C1B81BDC900F4EBCD /* Build configuration list for PBXProject "Calculator" */;
			compatibilityVersion = "Xcode 3.2";
			developmentRegion = English;
			hasScannedForEncodings = 0;
			knownRegions = (
				en,
				Base,
			);
			mainGroup = CECB4B481B81BDC900F4EBCD;
			productRefGroup = CECB4B521B81BDC900F4EBCD /* Products */;
			projectDirPath = "";
			projectRoot = "";
			targets = (
				CECB4B501B81BDC900F4EBCD /* Calculator */,
				CECB4B691B81BDC900F4EBCD /* CalculatorTests */,
			);
		};
/* End PBXProject section */

/* Begin PBXResourcesBuildPhase section */
		CECB4B4F1B81BDC900F4EBCD /* Resources */ = {
			isa = PBXResourcesBuildPhase;
			buildActionMask = 2147483647;
			files = (
				CECB4B601B81BDC900F4EBCD /* Main.storyboard in Resources */,
				CECB4B651B81BDC900F4EBCD /* LaunchScreen.xib in Resources */,
				CECB4B621B81BDC900F4EBCD /* Images.xcassets in Resources */,
			);
			runOnlyForDeploymentPostprocessing = 0;
		};
		CECB4B681B81BDC900F4EBCD /* Resources */ = {
			isa = PBXResourcesBuildPhase;
			buildActionMask = 2147483647;
			files = (
			);
			runOnlyForDeploymentPostprocessing = 0;
		};
/* End PBXResourcesBuildPhase section */

/* Begin PBXSourcesBuildPhase section */
		CECB4B4D1B81BDC900F4EBCD /* Sources */ = {
			isa = PBXSourcesBuildPhase;
			buildActionMask = 2147483647;
			files = (
				CE13B9A81B86B8D8007C58BF /* RecordMenuViewController.m in Sources */,
				CE13B9AB1B86B8F1007C58BF /* RecordMenuCell.m in Sources */,
				CE5EBD011B831898001B5FD4 /* LeftMenuViewController.m in Sources */,
				CECB4B5D1B81BDC900F4EBCD /* CalculatorViewController.m in Sources */,
				CE43B4221B8462F80010B514 /* LeftMenuItemCell.m in Sources */,
				CECB4B5A1B81BDC900F4EBCD /* AppDelegate.m in Sources */,
				CE6907291B8AB18400B8852B /* MainMenuViewController.m in Sources */,
				CEB79A3C1B858399001C7806 /* Helper.m in Sources */,
				CE13B9AF1B86C0C8007C58BF /* DelegateViewController.m in Sources */,
				CE84A8251B8C3D57001AD1AC /* GridButton.m in Sources */,
				CEB79A361B857082001C7806 /* RecordManager.m in Sources */,
				CECB4B571B81BDC900F4EBCD /* main.m in Sources */,
			);
			runOnlyForDeploymentPostprocessing = 0;
		};
		CECB4B661B81BDC900F4EBCD /* Sources */ = {
			isa = PBXSourcesBuildPhase;
			buildActionMask = 2147483647;
			files = (
				CECB4B711B81BDC900F4EBCD /* CalculatorTests.m in Sources */,
			);
			runOnlyForDeploymentPostprocessing = 0;
		};
/* End PBXSourcesBuildPhase section */

/* Begin PBXTargetDependency section */
		CECB4B6C1B81BDC900F4EBCD /* PBXTargetDependency */ = {
			isa = PBXTargetDependency;
			target = CECB4B501B81BDC900F4EBCD /* Calculator */;
			targetProxy = CECB4B6B1B81BDC900F4EBCD /* PBXContainerItemProxy */;
		};
/* End PBXTargetDependency section */

/* Begin PBXVariantGroup section */
		CECB4B5E1B81BDC900F4EBCD /* Main.storyboard */ = {
			isa = PBXVariantGroup;
			children = (
				CECB4B5F1B81BDC900F4EBCD /* Base */,
			);
			name = Main.storyboard;
			sourceTree = "<group>";
		};
		CECB4B631B81BDC900F4EBCD /* LaunchScreen.xib */ = {
			isa = PBXVariantGroup;
			children = (
				CECB4B641B81BDC900F4EBCD /* Base */,
			);
			name = LaunchScreen.xib;
			sourceTree = "<group>";
		};
/* End PBXVariantGroup section */

/* Begin XCBuildConfiguration section */
		CECB4B721B81BDC900F4EBCD /* Debug */ = {
			isa = XCBuildConfiguration;
			buildSettings = {
				ALWAYS_SEARCH_USER_PATHS = NO;
				CLANG_CXX_LANGUAGE_STANDARD = "gnu++0x";
				CLANG_CXX_LIBRARY = "libc++";
				CLANG_ENABLE_MODULES = YES;
				CLANG_ENABLE_OBJC_ARC = YES;
				CLANG_WARN_BOOL_CONVERSION = YES;
				CLANG_WARN_CONSTANT_CONVERSION = YES;
				CLANG_WARN_DIRECT_OBJC_ISA_USAGE = YES_ERROR;
				CLANG_WARN_EMPTY_BODY = YES;
				CLANG_WARN_ENUM_CONVERSION = YES;
				CLANG_WARN_INT_CONVERSION = YES;
				CLANG_WARN_OBJC_ROOT_CLASS = YES_ERROR;
				CLANG_WARN_UNREACHABLE_CODE = YES;
				CLANG_WARN__DUPLICATE_METHOD_MATCH = YES;
				"CODE_SIGN_IDENTITY[sdk=iphoneos*]" = "iPhone Developer";
				COPY_PHASE_STRIP = NO;
				DEBUG_INFORMATION_FORMAT = "dwarf-with-dsym";
				ENABLE_STRICT_OBJC_MSGSEND = YES;
				GCC_C_LANGUAGE_STANDARD = gnu99;
				GCC_DYNAMIC_NO_PIC = NO;
				GCC_NO_COMMON_BLOCKS = YES;
				GCC_OPTIMIZATION_LEVEL = 0;
				GCC_PREPROCESSOR_DEFINITIONS = (
					"DEBUG=1",
					"$(inherited)",
				);
				GCC_SYMBOLS_PRIVATE_EXTERN = NO;
				GCC_WARN_64_TO_32_BIT_CONVERSION = YES;
				GCC_WARN_ABOUT_RETURN_TYPE = YES_ERROR;
				GCC_WARN_UNDECLARED_SELECTOR = YES;
				GCC_WARN_UNINITIALIZED_AUTOS = YES_AGGRESSIVE;
				GCC_WARN_UNUSED_FUNCTION = YES;
				GCC_WARN_UNUSED_VARIABLE = YES;
				IPHONEOS_DEPLOYMENT_TARGET = 8.4;
				MTL_ENABLE_DEBUG_INFO = YES;
				ONLY_ACTIVE_ARCH = YES;
				SDKROOT = iphoneos;
				TARGETED_DEVICE_FAMILY = "1,2";
			};
			name = Debug;
		};
		CECB4B731B81BDC900F4EBCD /* Release */ = {
			isa = XCBuildConfiguration;
			buildSettings = {
				ALWAYS_SEARCH_USER_PATHS = NO;
				CLANG_CXX_LANGUAGE_STANDARD = "gnu++0x";
				CLANG_CXX_LIBRARY = "libc++";
				CLANG_ENABLE_MODULES = YES;
				CLANG_ENABLE_OBJC_ARC = YES;
				CLANG_WARN_BOOL_CONVERSION = YES;
				CLANG_WARN_CONSTANT_CONVERSION = YES;
				CLANG_WARN_DIRECT_OBJC_ISA_USAGE = YES_ERROR;
				CLANG_WARN_EMPTY_BODY = YES;
				CLANG_WARN_ENUM_CONVERSION = YES;
				CLANG_WARN_INT_CONVERSION = YES;
				CLANG_WARN_OBJC_ROOT_CLASS = YES_ERROR;
				CLANG_WARN_UNREACHABLE_CODE = YES;
				CLANG_WARN__DUPLICATE_METHOD_MATCH = YES;
				"CODE_SIGN_IDENTITY[sdk=iphoneos*]" = "iPhone Developer";
				COPY_PHASE_STRIP = NO;
				DEBUG_INFORMATION_FORMAT = "dwarf-with-dsym";
				ENABLE_NS_ASSERTIONS = NO;
				ENABLE_STRICT_OBJC_MSGSEND = YES;
				GCC_C_LANGUAGE_STANDARD = gnu99;
				GCC_NO_COMMON_BLOCKS = YES;
				GCC_WARN_64_TO_32_BIT_CONVERSION = YES;
				GCC_WARN_ABOUT_RETURN_TYPE = YES_ERROR;
				GCC_WARN_UNDECLARED_SELECTOR = YES;
				GCC_WARN_UNINITIALIZED_AUTOS = YES_AGGRESSIVE;
				GCC_WARN_UNUSED_FUNCTION = YES;
				GCC_WARN_UNUSED_VARIABLE = YES;
				IPHONEOS_DEPLOYMENT_TARGET = 8.4;
				MTL_ENABLE_DEBUG_INFO = NO;
				SDKROOT = iphoneos;
				TARGETED_DEVICE_FAMILY = "1,2";
				VALIDATE_PRODUCT = YES;
			};
			name = Release;
		};
		CECB4B751B81BDC900F4EBCD /* Debug */ = {
			isa = XCBuildConfiguration;
			buildSettings = {
				ASSETCATALOG_COMPILER_APPICON_NAME = AppIcon;
				CODE_SIGN_IDENTITY = "iPhone Developer";
				"CODE_SIGN_IDENTITY[sdk=iphoneos*]" = "iPhone Developer";
				INFOPLIST_FILE = Calculator/Info.plist;
				IPHONEOS_DEPLOYMENT_TARGET = 7.0;
				LD_RUNPATH_SEARCH_PATHS = "$(inherited) @executable_path/Frameworks";
				PRODUCT_NAME = "$(TARGET_NAME)";
				PROVISIONING_PROFILE = "";
			};
			name = Debug;
		};
		CECB4B761B81BDC900F4EBCD /* Release */ = {
			isa = XCBuildConfiguration;
			buildSettings = {
				ASSETCATALOG_COMPILER_APPICON_NAME = AppIcon;
				CODE_SIGN_IDENTITY = "iPhone Developer";
				"CODE_SIGN_IDENTITY[sdk=iphoneos*]" = "iPhone Developer";
				INFOPLIST_FILE = Calculator/Info.plist;
				IPHONEOS_DEPLOYMENT_TARGET = 7.0;
				LD_RUNPATH_SEARCH_PATHS = "$(inherited) @executable_path/Frameworks";
				PRODUCT_NAME = "$(TARGET_NAME)";
				PROVISIONING_PROFILE = "";
			};
			name = Release;
		};
		CECB4B781B81BDC900F4EBCD /* Debug */ = {
			isa = XCBuildConfiguration;
			buildSettings = {
				BUNDLE_LOADER = "$(TEST_HOST)";
				FRAMEWORK_SEARCH_PATHS = (
					"$(SDKROOT)/Developer/Library/Frameworks",
					"$(inherited)",
				);
				GCC_PREPROCESSOR_DEFINITIONS = (
					"DEBUG=1",
					"$(inherited)",
				);
				INFOPLIST_FILE = CalculatorTests/Info.plist;
				LD_RUNPATH_SEARCH_PATHS = "$(inherited) @executable_path/Frameworks @loader_path/Frameworks";
				PRODUCT_NAME = "$(TARGET_NAME)";
				TEST_HOST = "$(BUILT_PRODUCTS_DIR)/Calculator.app/Calculator";
			};
			name = Debug;
		};
		CECB4B791B81BDC900F4EBCD /* Release */ = {
			isa = XCBuildConfiguration;
			buildSettings = {
				BUNDLE_LOADER = "$(TEST_HOST)";
				FRAMEWORK_SEARCH_PATHS = (
					"$(SDKROOT)/Developer/Library/Frameworks",
					"$(inherited)",
				);
				INFOPLIST_FILE = CalculatorTests/Info.plist;
				LD_RUNPATH_SEARCH_PATHS = "$(inherited) @executable_path/Frameworks @loader_path/Frameworks";
				PRODUCT_NAME = "$(TARGET_NAME)";
				TEST_HOST = "$(BUILT_PRODUCTS_DIR)/Calculator.app/Calculator";
			};
			name = Release;
		};
/* End XCBuildConfiguration section */

/* Begin XCConfigurationList section */
		CECB4B4C1B81BDC900F4EBCD /* Build configuration list for PBXProject "Calculator" */ = {
			isa = XCConfigurationList;
			buildConfigurations = (
				CECB4B721B81BDC900F4EBCD /* Debug */,
				CECB4B731B81BDC900F4EBCD /* Release */,
			);
			defaultConfigurationIsVisible = 0;
			defaultConfigurationName = Release;
		};
		CECB4B741B81BDC900F4EBCD /* Build configuration list for PBXNativeTarget "Calculator" */ = {
			isa = XCConfigurationList;
			buildConfigurations = (
				CECB4B751B81BDC900F4EBCD /* Debug */,
				CECB4B761B81BDC900F4EBCD /* Release */,
			);
			defaultConfigurationIsVisible = 0;
			defaultConfigurationName = Release;
		};
		CECB4B771B81BDC900F4EBCD /* Build configuration list for PBXNativeTarget "CalculatorTests" */ = {
			isa = XCConfigurationList;
			buildConfigurations = (
				CECB4B781B81BDC900F4EBCD /* Debug */,
				CECB4B791B81BDC900F4EBCD /* Release */,
			);
			defaultConfigurationIsVisible = 0;
			defaultConfigurationName = Release;
		};
/* End XCConfigurationList section */
	};
	rootObject = CECB4B491B81BDC900F4EBCD /* Project object */;
}
