// !$*UTF8*$!
{
	archiveVersion = 1;
	classes = {
	};
	objectVersion = 46;
	objects = {

/* Begin PBXBuildFile section */
		CE13B9A81B86B8D8007C58BF /* RecordMenuViewController.m in Sources */ = {isa = PBXBuildFile; fileRef = CE13B9A71B86B8D8007C58BF /* RecordMenuViewController.m */; };
		CE13B9AB1B86B8F1007C58BF /* RecordMenuCell.m in Sources */ = {isa = PBXBuildFile; fileRef = CE13B9AA1B86B8F1007C58BF /* RecordMenuCell.m */; };
		CE13B9AF1B86C0C8007C58BF /* DelegateViewController.m in Sources */ = {isa = PBXBuildFile; fileRef = CE13B9AE1B86C0C8007C58BF /* DelegateViewController.m */; };
		CE13B9B11B8732BD007C58BF /* iAd.framework in Frameworks */ = {isa = PBXBuildFile; fileRef = CE13B9B01B8732BD007C58BF /* iAd.framework */; };
		CE2E28071B8FF9610079012D /* NavController.m in Sources */ = {isa = PBXBuildFile; fileRef = CE2E28061B8FF9610079012D /* NavController.m */; };
		CE2E28111B9032850079012D /* FPPopoverController.m in Sources */ = {isa = PBXBuildFile; fileRef = CE2E280C1B9032850079012D /* FPPopoverController.m */; };
		CE2E28121B9032850079012D /* FPPopoverView.m in Sources */ = {isa = PBXBuildFile; fileRef = CE2E280E1B9032850079012D /* FPPopoverView.m */; };
		CE2E28131B9032850079012D /* FPTouchView.m in Sources */ = {isa = PBXBuildFile; fileRef = CE2E28101B9032850079012D /* FPTouchView.m */; };
		CE2E281C1B9034790079012D /* UnitPickViewController.m in Sources */ = {isa = PBXBuildFile; fileRef = CE2E281B1B9034790079012D /* UnitPickViewController.m */; };
		CE2E28201B9035FE0079012D /* ConverterViewController.m in Sources */ = {isa = PBXBuildFile; fileRef = CE2E281F1B9035FE0079012D /* ConverterViewController.m */; };
		CE2E28231B903D160079012D /* UnitPickCell.m in Sources */ = {isa = PBXBuildFile; fileRef = CE2E28221B903D160079012D /* UnitPickCell.m */; };
		CE2E28561B9048020079012D /* DDAccelerationUnitConverter.m in Sources */ = {isa = PBXBuildFile; fileRef = CE2E28281B9048020079012D /* DDAccelerationUnitConverter.m */; };
		CE2E28571B9048020079012D /* DDAngleUnitConverter.m in Sources */ = {isa = PBXBuildFile; fileRef = CE2E282A1B9048020079012D /* DDAngleUnitConverter.m */; };
		CE2E28581B9048020079012D /* DDAreaUnitConverter.m in Sources */ = {isa = PBXBuildFile; fileRef = CE2E282C1B9048020079012D /* DDAreaUnitConverter.m */; };
		CE2E28591B9048020079012D /* DDByteUnitConverter.m in Sources */ = {isa = PBXBuildFile; fileRef = CE2E282E1B9048020079012D /* DDByteUnitConverter.m */; };
		CE2E285A1B9048020079012D /* DDCurrencyUnitConverter.m in Sources */ = {isa = PBXBuildFile; fileRef = CE2E28301B9048020079012D /* DDCurrencyUnitConverter.m */; };
		CE2E285B1B9048020079012D /* DDCurrentUnitConverter.m in Sources */ = {isa = PBXBuildFile; fileRef = CE2E28321B9048020079012D /* DDCurrentUnitConverter.m */; };
		CE2E285C1B9048020079012D /* DDEnergyUnitConverter.m in Sources */ = {isa = PBXBuildFile; fileRef = CE2E28341B9048020079012D /* DDEnergyUnitConverter.m */; };
		CE2E285D1B9048020079012D /* DDForceUnitConverter.m in Sources */ = {isa = PBXBuildFile; fileRef = CE2E28361B9048020079012D /* DDForceUnitConverter.m */; };
		CE2E285E1B9048020079012D /* DDIlluminationUnitConverter.m in Sources */ = {isa = PBXBuildFile; fileRef = CE2E28381B9048020079012D /* DDIlluminationUnitConverter.m */; };
		CE2E285F1B9048020079012D /* DDInductanceUnitConverter.m in Sources */ = {isa = PBXBuildFile; fileRef = CE2E283A1B9048020079012D /* DDInductanceUnitConverter.m */; };
		CE2E28601B9048020079012D /* DDLengthUnitConverter.m in Sources */ = {isa = PBXBuildFile; fileRef = CE2E283C1B9048020079012D /* DDLengthUnitConverter.m */; };
		CE2E28611B9048020079012D /* DDMagnitudeUnitConverter.m in Sources */ = {isa = PBXBuildFile; fileRef = CE2E283E1B9048020079012D /* DDMagnitudeUnitConverter.m */; };
		CE2E28621B9048020079012D /* DDMassUnitConverter.m in Sources */ = {isa = PBXBuildFile; fileRef = CE2E28401B9048020079012D /* DDMassUnitConverter.m */; };
		CE2E28631B9048020079012D /* DDPowerUnitConverter.m in Sources */ = {isa = PBXBuildFile; fileRef = CE2E28421B9048020079012D /* DDPowerUnitConverter.m */; };
		CE2E28641B9048020079012D /* DDPressureUnitConverter.m in Sources */ = {isa = PBXBuildFile; fileRef = CE2E28441B9048020079012D /* DDPressureUnitConverter.m */; };
		CE2E28651B9048020079012D /* DDRadiationUnitConverter.m in Sources */ = {isa = PBXBuildFile; fileRef = CE2E28461B9048020079012D /* DDRadiationUnitConverter.m */; };
		CE2E28661B9048020079012D /* DDTemperatureUnitConverter.m in Sources */ = {isa = PBXBuildFile; fileRef = CE2E28481B9048020079012D /* DDTemperatureUnitConverter.m */; };
		CE2E28671B9048020079012D /* DDTimeUnitConverter.m in Sources */ = {isa = PBXBuildFile; fileRef = CE2E284A1B9048020079012D /* DDTimeUnitConverter.m */; };
		CE2E28681B9048020079012D /* DDTorqueUnitConverter.m in Sources */ = {isa = PBXBuildFile; fileRef = CE2E284C1B9048020079012D /* DDTorqueUnitConverter.m */; };
		CE2E28691B9048020079012D /* DDUnitConverter.m in Sources */ = {isa = PBXBuildFile; fileRef = CE2E284F1B9048020079012D /* DDUnitConverter.m */; };
		CE2E286A1B9048020079012D /* DDVelocityUnitConverter.m in Sources */ = {isa = PBXBuildFile; fileRef = CE2E28511B9048020079012D /* DDVelocityUnitConverter.m */; };
		CE2E286B1B9048020079012D /* DDVolumeUnitConverter.m in Sources */ = {isa = PBXBuildFile; fileRef = CE2E28531B9048020079012D /* DDVolumeUnitConverter.m */; };
		CE2E286C1B9048020079012D /* NSDecimalNumber+DDConstants.m in Sources */ = {isa = PBXBuildFile; fileRef = CE2E28551B9048020079012D /* NSDecimalNumber+DDConstants.m */; };
		CE39EF071B9FE11D0075D532 /* ConverterInputView.m in Sources */ = {isa = PBXBuildFile; fileRef = CE39EF061B9FE11D0075D532 /* ConverterInputView.m */; };
		CE43B4221B8462F80010B514 /* LeftMenuItemCell.m in Sources */ = {isa = PBXBuildFile; fileRef = CE43B4211B8462F80010B514 /* LeftMenuItemCell.m */; };
		CE51EE951BA1366F0027D3FA /* ThemePickerViewController.m in Sources */ = {isa = PBXBuildFile; fileRef = CE51EE941BA1366F0027D3FA /* ThemePickerViewController.m */; };
		CE51EE981BA151020027D3FA /* ThemePickerCell.m in Sources */ = {isa = PBXBuildFile; fileRef = CE51EE971BA151020027D3FA /* ThemePickerCell.m */; };
		CE5EBD011B831898001B5FD4 /* LeftMenuViewController.m in Sources */ = {isa = PBXBuildFile; fileRef = CE5EBD001B831898001B5FD4 /* LeftMenuViewController.m */; };
		CE6907291B8AB18400B8852B /* MainMenuViewController.m in Sources */ = {isa = PBXBuildFile; fileRef = CE6907281B8AB18400B8852B /* MainMenuViewController.m */; };
		CE6A74EB1B93E9870080666B /* ConverterManager.m in Sources */ = {isa = PBXBuildFile; fileRef = CE6A74EA1B93E9870080666B /* ConverterManager.m */; };
		CE6A74ED1B9409A60080666B /* UnitConversionSetting.plist in Resources */ = {isa = PBXBuildFile; fileRef = CE6A74EC1B9409A60080666B /* UnitConversionSetting.plist */; };
		CE6CFE0F1B9580E1006682C7 /* Reachability.m in Sources */ = {isa = PBXBuildFile; fileRef = CE6CFE0E1B9580E1006682C7 /* Reachability.m */; settings = {COMPILER_FLAGS = "-fno-objc-arc"; }; };
		CE6CFE111B9580FA006682C7 /* CFNetwork.framework in Frameworks */ = {isa = PBXBuildFile; fileRef = CE6CFE101B9580FA006682C7 /* CFNetwork.framework */; };
		CE6CFE131B95810B006682C7 /* SystemConfiguration.framework in Frameworks */ = {isa = PBXBuildFile; fileRef = CE6CFE121B95810B006682C7 /* SystemConfiguration.framework */; };
		CE6CFE151B958117006682C7 /* MobileCoreServices.framework in Frameworks */ = {isa = PBXBuildFile; fileRef = CE6CFE141B958117006682C7 /* MobileCoreServices.framework */; };
		CE6CFE171B958125006682C7 /* CoreGraphics.framework in Frameworks */ = {isa = PBXBuildFile; fileRef = CE6CFE161B958125006682C7 /* CoreGraphics.framework */; };
		CE6CFE191B95814C006682C7 /* libz.dylib in Frameworks */ = {isa = PBXBuildFile; fileRef = CE6CFE181B95814C006682C7 /* libz.dylib */; };
		CE6CFE2F1B958264006682C7 /* ASIAuthenticationDialog.m in Sources */ = {isa = PBXBuildFile; fileRef = CE6CFE1C1B958264006682C7 /* ASIAuthenticationDialog.m */; settings = {COMPILER_FLAGS = "-fno-objc-arc"; }; };
		CE6CFE301B958264006682C7 /* ASIDataCompressor.m in Sources */ = {isa = PBXBuildFile; fileRef = CE6CFE1F1B958264006682C7 /* ASIDataCompressor.m */; settings = {COMPILER_FLAGS = "-fno-objc-arc"; }; };
		CE6CFE311B958264006682C7 /* ASIDataDecompressor.m in Sources */ = {isa = PBXBuildFile; fileRef = CE6CFE211B958264006682C7 /* ASIDataDecompressor.m */; settings = {COMPILER_FLAGS = "-fno-objc-arc"; }; };
		CE6CFE321B958264006682C7 /* ASIDownloadCache.m in Sources */ = {isa = PBXBuildFile; fileRef = CE6CFE231B958264006682C7 /* ASIDownloadCache.m */; settings = {COMPILER_FLAGS = "-fno-objc-arc"; }; };
		CE6CFE331B958264006682C7 /* ASIFormDataRequest.m in Sources */ = {isa = PBXBuildFile; fileRef = CE6CFE251B958264006682C7 /* ASIFormDataRequest.m */; settings = {COMPILER_FLAGS = "-fno-objc-arc"; }; };
		CE6CFE341B958264006682C7 /* ASIHTTPRequest.m in Sources */ = {isa = PBXBuildFile; fileRef = CE6CFE271B958264006682C7 /* ASIHTTPRequest.m */; settings = {COMPILER_FLAGS = "-fno-objc-arc"; }; };
		CE6CFE351B958264006682C7 /* ASIInputStream.m in Sources */ = {isa = PBXBuildFile; fileRef = CE6CFE2B1B958264006682C7 /* ASIInputStream.m */; settings = {COMPILER_FLAGS = "-fno-objc-arc"; }; };
		CE6CFE361B958264006682C7 /* ASINetworkQueue.m in Sources */ = {isa = PBXBuildFile; fileRef = CE6CFE2D1B958264006682C7 /* ASINetworkQueue.m */; settings = {COMPILER_FLAGS = "-fno-objc-arc"; }; };
		CE6CFE471B9583A3006682C7 /* SBJson4Parser.m in Sources */ = {isa = PBXBuildFile; fileRef = CE6CFE3A1B9583A3006682C7 /* SBJson4Parser.m */; };
		CE6CFE481B9583A3006682C7 /* SBJson4StreamParser.m in Sources */ = {isa = PBXBuildFile; fileRef = CE6CFE3C1B9583A3006682C7 /* SBJson4StreamParser.m */; };
		CE6CFE491B9583A3006682C7 /* SBJson4StreamParserState.m in Sources */ = {isa = PBXBuildFile; fileRef = CE6CFE3E1B9583A3006682C7 /* SBJson4StreamParserState.m */; };
		CE6CFE4A1B9583A3006682C7 /* SBJson4StreamTokeniser.m in Sources */ = {isa = PBXBuildFile; fileRef = CE6CFE401B9583A3006682C7 /* SBJson4StreamTokeniser.m */; };
		CE6CFE4B1B9583A3006682C7 /* SBJson4StreamWriter.m in Sources */ = {isa = PBXBuildFile; fileRef = CE6CFE421B9583A3006682C7 /* SBJson4StreamWriter.m */; };
		CE6CFE4C1B9583A3006682C7 /* SBJson4StreamWriterState.m in Sources */ = {isa = PBXBuildFile; fileRef = CE6CFE441B9583A3006682C7 /* SBJson4StreamWriterState.m */; };
		CE6CFE4D1B9583A3006682C7 /* SBJson4Writer.m in Sources */ = {isa = PBXBuildFile; fileRef = CE6CFE461B9583A3006682C7 /* SBJson4Writer.m */; };
		CE6CFE511B9583F6006682C7 /* YFCurrencyConversion.m in Sources */ = {isa = PBXBuildFile; fileRef = CE6CFE501B9583F6006682C7 /* YFCurrencyConversion.m */; settings = {COMPILER_FLAGS = "-fno-objc-arc"; }; };
		CE6CFE541B95841F006682C7 /* YFTwoValueObject.m in Sources */ = {isa = PBXBuildFile; fileRef = CE6CFE531B95841F006682C7 /* YFTwoValueObject.m */; settings = {COMPILER_FLAGS = "-fno-objc-arc"; }; };
		CE8351B11BA697D300C6BAA3 /* ExtendNSLog.m in Sources */ = {isa = PBXBuildFile; fileRef = CE8351B01BA697D300C6BAA3 /* ExtendNSLog.m */; };
		CE8351B51BA69E9000C6BAA3 /* CacheManager.m in Sources */ = {isa = PBXBuildFile; fileRef = CE8351B41BA69E9000C6BAA3 /* CacheManager.m */; };
		CE84A8251B8C3D57001AD1AC /* GridButton.m in Sources */ = {isa = PBXBuildFile; fileRef = CE84A8241B8C3D57001AD1AC /* GridButton.m */; };
		CE87C85B1B8F04CB00EA3305 /* Lato-Light.ttf in Resources */ = {isa = PBXBuildFile; fileRef = CE87C8571B8F033C00EA3305 /* Lato-Light.ttf */; };
		CE87C85C1B8F04CB00EA3305 /* Lato-Medium.ttf in Resources */ = {isa = PBXBuildFile; fileRef = CE87C8581B8F033C00EA3305 /* Lato-Medium.ttf */; };
		CE87C85E1B8F06EB00EA3305 /* Lato-Regular.ttf in Resources */ = {isa = PBXBuildFile; fileRef = CE87C85D1B8F06C600EA3305 /* Lato-Regular.ttf */; };
		CE87C87F1B8F145800EA3305 /* Neon.ttf in Resources */ = {isa = PBXBuildFile; fileRef = CE87C87E1B8F140400EA3305 /* Neon.ttf */; };
		CEB79A361B857082001C7806 /* RecordManager.m in Sources */ = {isa = PBXBuildFile; fileRef = CEB79A351B857082001C7806 /* RecordManager.m */; };
		CEB79A3C1B858399001C7806 /* Helper.m in Sources */ = {isa = PBXBuildFile; fileRef = CEB79A3B1B858399001C7806 /* Helper.m */; };
		CEC991441B998E510071442A /* MainMenuBtnView.m in Sources */ = {isa = PBXBuildFile; fileRef = CEC991431B998E510071442A /* MainMenuBtnView.m */; };
		CEC991471B998E9F0071442A /* DelegateView.m in Sources */ = {isa = PBXBuildFile; fileRef = CEC991461B998E9F0071442A /* DelegateView.m */; };
		CECB4B571B81BDC900F4EBCD /* main.m in Sources */ = {isa = PBXBuildFile; fileRef = CECB4B561B81BDC900F4EBCD /* main.m */; };
		CECB4B5A1B81BDC900F4EBCD /* AppDelegate.m in Sources */ = {isa = PBXBuildFile; fileRef = CECB4B591B81BDC900F4EBCD /* AppDelegate.m */; };
		CECB4B5D1B81BDC900F4EBCD /* CalculatorViewController.m in Sources */ = {isa = PBXBuildFile; fileRef = CECB4B5C1B81BDC900F4EBCD /* CalculatorViewController.m */; };
		CECB4B601B81BDC900F4EBCD /* Main.storyboard in Resources */ = {isa = PBXBuildFile; fileRef = CECB4B5E1B81BDC900F4EBCD /* Main.storyboard */; };
		CECB4B621B81BDC900F4EBCD /* Images.xcassets in Resources */ = {isa = PBXBuildFile; fileRef = CECB4B611B81BDC900F4EBCD /* Images.xcassets */; };
		CECB4B651B81BDC900F4EBCD /* LaunchScreen.xib in Resources */ = {isa = PBXBuildFile; fileRef = CECB4B631B81BDC900F4EBCD /* LaunchScreen.xib */; };
		CECB4B711B81BDC900F4EBCD /* CalculatorTests.m in Sources */ = {isa = PBXBuildFile; fileRef = CECB4B701B81BDC900F4EBCD /* CalculatorTests.m */; };
		CECF87AA1B8DADBF00733B8B /* CategoryEx.m in Sources */ = {isa = PBXBuildFile; fileRef = CECF87A91B8DADBF00733B8B /* CategoryEx.m */; };
		CEEF77B91B97E795005D890A /* ThemeManager.m in Sources */ = {isa = PBXBuildFile; fileRef = CEEF77B81B97E795005D890A /* ThemeManager.m */; };
		CEEF77BB1B97EB87005D890A /* ThemeConfig.plist in Resources */ = {isa = PBXBuildFile; fileRef = CEEF77BA1B97EB87005D890A /* ThemeConfig.plist */; };
/* End PBXBuildFile section */

/* Begin PBXContainerItemProxy section */
		CECB4B6B1B81BDC900F4EBCD /* PBXContainerItemProxy */ = {
			isa = PBXContainerItemProxy;
			containerPortal = CECB4B491B81BDC900F4EBCD /* Project object */;
			proxyType = 1;
			remoteGlobalIDString = CECB4B501B81BDC900F4EBCD;
			remoteInfo = Calculator;
		};
/* End PBXContainerItemProxy section */

/* Begin PBXFileReference section */
		CE13B9A61B86B8D8007C58BF /* RecordMenuViewController.h */ = {isa = PBXFileReference; fileEncoding = 4; lastKnownFileType = sourcecode.c.h; path = RecordMenuViewController.h; sourceTree = "<group>"; };
		CE13B9A71B86B8D8007C58BF /* RecordMenuViewController.m */ = {isa = PBXFileReference; fileEncoding = 4; lastKnownFileType = sourcecode.c.objc; path = RecordMenuViewController.m; sourceTree = "<group>"; };
		CE13B9A91B86B8F1007C58BF /* RecordMenuCell.h */ = {isa = PBXFileReference; fileEncoding = 4; lastKnownFileType = sourcecode.c.h; path = RecordMenuCell.h; sourceTree = "<group>"; };
		CE13B9AA1B86B8F1007C58BF /* RecordMenuCell.m */ = {isa = PBXFileReference; fileEncoding = 4; lastKnownFileType = sourcecode.c.objc; path = RecordMenuCell.m; sourceTree = "<group>"; };
		CE13B9AD1B86C0C8007C58BF /* DelegateViewController.h */ = {isa = PBXFileReference; fileEncoding = 4; lastKnownFileType = sourcecode.c.h; path = DelegateViewController.h; sourceTree = "<group>"; };
		CE13B9AE1B86C0C8007C58BF /* DelegateViewController.m */ = {isa = PBXFileReference; fileEncoding = 4; lastKnownFileType = sourcecode.c.objc; path = DelegateViewController.m; sourceTree = "<group>"; };
		CE13B9B01B8732BD007C58BF /* iAd.framework */ = {isa = PBXFileReference; lastKnownFileType = wrapper.framework; name = iAd.framework; path = System/Library/Frameworks/iAd.framework; sourceTree = SDKROOT; };
		CE2E28051B8FF9610079012D /* NavController.h */ = {isa = PBXFileReference; fileEncoding = 4; lastKnownFileType = sourcecode.c.h; path = NavController.h; sourceTree = "<group>"; };
		CE2E28061B8FF9610079012D /* NavController.m */ = {isa = PBXFileReference; fileEncoding = 4; lastKnownFileType = sourcecode.c.objc; path = NavController.m; sourceTree = "<group>"; };
		CE2E280A1B9032850079012D /* ARCMacros.h */ = {isa = PBXFileReference; fileEncoding = 4; lastKnownFileType = sourcecode.c.h; path = ARCMacros.h; sourceTree = "<group>"; };
		CE2E280B1B9032850079012D /* FPPopoverController.h */ = {isa = PBXFileReference; fileEncoding = 4; lastKnownFileType = sourcecode.c.h; path = FPPopoverController.h; sourceTree = "<group>"; };
		CE2E280C1B9032850079012D /* FPPopoverController.m */ = {isa = PBXFileReference; fileEncoding = 4; lastKnownFileType = sourcecode.c.objc; path = FPPopoverController.m; sourceTree = "<group>"; };
		CE2E280D1B9032850079012D /* FPPopoverView.h */ = {isa = PBXFileReference; fileEncoding = 4; lastKnownFileType = sourcecode.c.h; path = FPPopoverView.h; sourceTree = "<group>"; };
		CE2E280E1B9032850079012D /* FPPopoverView.m */ = {isa = PBXFileReference; fileEncoding = 4; lastKnownFileType = sourcecode.c.objc; path = FPPopoverView.m; sourceTree = "<group>"; };
		CE2E280F1B9032850079012D /* FPTouchView.h */ = {isa = PBXFileReference; fileEncoding = 4; lastKnownFileType = sourcecode.c.h; path = FPTouchView.h; sourceTree = "<group>"; };
		CE2E28101B9032850079012D /* FPTouchView.m */ = {isa = PBXFileReference; fileEncoding = 4; lastKnownFileType = sourcecode.c.objc; path = FPTouchView.m; sourceTree = "<group>"; };
		CE2E281A1B9034790079012D /* UnitPickViewController.h */ = {isa = PBXFileReference; fileEncoding = 4; lastKnownFileType = sourcecode.c.h; path = UnitPickViewController.h; sourceTree = "<group>"; };
		CE2E281B1B9034790079012D /* UnitPickViewController.m */ = {isa = PBXFileReference; fileEncoding = 4; lastKnownFileType = sourcecode.c.objc; path = UnitPickViewController.m; sourceTree = "<group>"; };
		CE2E281E1B9035FE0079012D /* ConverterViewController.h */ = {isa = PBXFileReference; fileEncoding = 4; lastKnownFileType = sourcecode.c.h; path = ConverterViewController.h; sourceTree = "<group>"; };
		CE2E281F1B9035FE0079012D /* ConverterViewController.m */ = {isa = PBXFileReference; fileEncoding = 4; lastKnownFileType = sourcecode.c.objc; path = ConverterViewController.m; sourceTree = "<group>"; };
		CE2E28211B903D160079012D /* UnitPickCell.h */ = {isa = PBXFileReference; fileEncoding = 4; lastKnownFileType = sourcecode.c.h; path = UnitPickCell.h; sourceTree = "<group>"; };
		CE2E28221B903D160079012D /* UnitPickCell.m */ = {isa = PBXFileReference; fileEncoding = 4; lastKnownFileType = sourcecode.c.objc; path = UnitPickCell.m; sourceTree = "<group>"; };
		CE2E28241B9047C80079012D /* DDUnitConverter_Prefix.pch */ = {isa = PBXFileReference; lastKnownFileType = sourcecode.c.h; path = DDUnitConverter_Prefix.pch; sourceTree = "<group>"; };
		CE2E28271B9048020079012D /* DDAccelerationUnitConverter.h */ = {isa = PBXFileReference; fileEncoding = 4; lastKnownFileType = sourcecode.c.h; path = DDAccelerationUnitConverter.h; sourceTree = "<group>"; };
		CE2E28281B9048020079012D /* DDAccelerationUnitConverter.m */ = {isa = PBXFileReference; fileEncoding = 4; lastKnownFileType = sourcecode.c.objc; path = DDAccelerationUnitConverter.m; sourceTree = "<group>"; };
		CE2E28291B9048020079012D /* DDAngleUnitConverter.h */ = {isa = PBXFileReference; fileEncoding = 4; lastKnownFileType = sourcecode.c.h; path = DDAngleUnitConverter.h; sourceTree = "<group>"; };
		CE2E282A1B9048020079012D /* DDAngleUnitConverter.m */ = {isa = PBXFileReference; fileEncoding = 4; lastKnownFileType = sourcecode.c.objc; path = DDAngleUnitConverter.m; sourceTree = "<group>"; };
		CE2E282B1B9048020079012D /* DDAreaUnitConverter.h */ = {isa = PBXFileReference; fileEncoding = 4; lastKnownFileType = sourcecode.c.h; path = DDAreaUnitConverter.h; sourceTree = "<group>"; };
		CE2E282C1B9048020079012D /* DDAreaUnitConverter.m */ = {isa = PBXFileReference; fileEncoding = 4; lastKnownFileType = sourcecode.c.objc; path = DDAreaUnitConverter.m; sourceTree = "<group>"; };
		CE2E282D1B9048020079012D /* DDByteUnitConverter.h */ = {isa = PBXFileReference; fileEncoding = 4; lastKnownFileType = sourcecode.c.h; path = DDByteUnitConverter.h; sourceTree = "<group>"; };
		CE2E282E1B9048020079012D /* DDByteUnitConverter.m */ = {isa = PBXFileReference; fileEncoding = 4; lastKnownFileType = sourcecode.c.objc; path = DDByteUnitConverter.m; sourceTree = "<group>"; };
		CE2E282F1B9048020079012D /* DDCurrencyUnitConverter.h */ = {isa = PBXFileReference; fileEncoding = 4; lastKnownFileType = sourcecode.c.h; path = DDCurrencyUnitConverter.h; sourceTree = "<group>"; };
		CE2E28301B9048020079012D /* DDCurrencyUnitConverter.m */ = {isa = PBXFileReference; fileEncoding = 4; lastKnownFileType = sourcecode.c.objc; path = DDCurrencyUnitConverter.m; sourceTree = "<group>"; };
		CE2E28311B9048020079012D /* DDCurrentUnitConverter.h */ = {isa = PBXFileReference; fileEncoding = 4; lastKnownFileType = sourcecode.c.h; path = DDCurrentUnitConverter.h; sourceTree = "<group>"; };
		CE2E28321B9048020079012D /* DDCurrentUnitConverter.m */ = {isa = PBXFileReference; fileEncoding = 4; lastKnownFileType = sourcecode.c.objc; path = DDCurrentUnitConverter.m; sourceTree = "<group>"; };
		CE2E28331B9048020079012D /* DDEnergyUnitConverter.h */ = {isa = PBXFileReference; fileEncoding = 4; lastKnownFileType = sourcecode.c.h; path = DDEnergyUnitConverter.h; sourceTree = "<group>"; };
		CE2E28341B9048020079012D /* DDEnergyUnitConverter.m */ = {isa = PBXFileReference; fileEncoding = 4; lastKnownFileType = sourcecode.c.objc; path = DDEnergyUnitConverter.m; sourceTree = "<group>"; };
		CE2E28351B9048020079012D /* DDForceUnitConverter.h */ = {isa = PBXFileReference; fileEncoding = 4; lastKnownFileType = sourcecode.c.h; path = DDForceUnitConverter.h; sourceTree = "<group>"; };
		CE2E28361B9048020079012D /* DDForceUnitConverter.m */ = {isa = PBXFileReference; fileEncoding = 4; lastKnownFileType = sourcecode.c.objc; path = DDForceUnitConverter.m; sourceTree = "<group>"; };
		CE2E28371B9048020079012D /* DDIlluminationUnitConverter.h */ = {isa = PBXFileReference; fileEncoding = 4; lastKnownFileType = sourcecode.c.h; path = DDIlluminationUnitConverter.h; sourceTree = "<group>"; };
		CE2E28381B9048020079012D /* DDIlluminationUnitConverter.m */ = {isa = PBXFileReference; fileEncoding = 4; lastKnownFileType = sourcecode.c.objc; path = DDIlluminationUnitConverter.m; sourceTree = "<group>"; };
		CE2E28391B9048020079012D /* DDInductanceUnitConverter.h */ = {isa = PBXFileReference; fileEncoding = 4; lastKnownFileType = sourcecode.c.h; path = DDInductanceUnitConverter.h; sourceTree = "<group>"; };
		CE2E283A1B9048020079012D /* DDInductanceUnitConverter.m */ = {isa = PBXFileReference; fileEncoding = 4; lastKnownFileType = sourcecode.c.objc; path = DDInductanceUnitConverter.m; sourceTree = "<group>"; };
		CE2E283B1B9048020079012D /* DDLengthUnitConverter.h */ = {isa = PBXFileReference; fileEncoding = 4; lastKnownFileType = sourcecode.c.h; path = DDLengthUnitConverter.h; sourceTree = "<group>"; };
		CE2E283C1B9048020079012D /* DDLengthUnitConverter.m */ = {isa = PBXFileReference; fileEncoding = 4; lastKnownFileType = sourcecode.c.objc; path = DDLengthUnitConverter.m; sourceTree = "<group>"; };
		CE2E283D1B9048020079012D /* DDMagnitudeUnitConverter.h */ = {isa = PBXFileReference; fileEncoding = 4; lastKnownFileType = sourcecode.c.h; path = DDMagnitudeUnitConverter.h; sourceTree = "<group>"; };
		CE2E283E1B9048020079012D /* DDMagnitudeUnitConverter.m */ = {isa = PBXFileReference; fileEncoding = 4; lastKnownFileType = sourcecode.c.objc; path = DDMagnitudeUnitConverter.m; sourceTree = "<group>"; };
		CE2E283F1B9048020079012D /* DDMassUnitConverter.h */ = {isa = PBXFileReference; fileEncoding = 4; lastKnownFileType = sourcecode.c.h; path = DDMassUnitConverter.h; sourceTree = "<group>"; };
		CE2E28401B9048020079012D /* DDMassUnitConverter.m */ = {isa = PBXFileReference; fileEncoding = 4; lastKnownFileType = sourcecode.c.objc; path = DDMassUnitConverter.m; sourceTree = "<group>"; };
		CE2E28411B9048020079012D /* DDPowerUnitConverter.h */ = {isa = PBXFileReference; fileEncoding = 4; lastKnownFileType = sourcecode.c.h; path = DDPowerUnitConverter.h; sourceTree = "<group>"; };
		CE2E28421B9048020079012D /* DDPowerUnitConverter.m */ = {isa = PBXFileReference; fileEncoding = 4; lastKnownFileType = sourcecode.c.objc; path = DDPowerUnitConverter.m; sourceTree = "<group>"; };
		CE2E28431B9048020079012D /* DDPressureUnitConverter.h */ = {isa = PBXFileReference; fileEncoding = 4; lastKnownFileType = sourcecode.c.h; path = DDPressureUnitConverter.h; sourceTree = "<group>"; };
		CE2E28441B9048020079012D /* DDPressureUnitConverter.m */ = {isa = PBXFileReference; fileEncoding = 4; lastKnownFileType = sourcecode.c.objc; path = DDPressureUnitConverter.m; sourceTree = "<group>"; };
		CE2E28451B9048020079012D /* DDRadiationUnitConverter.h */ = {isa = PBXFileReference; fileEncoding = 4; lastKnownFileType = sourcecode.c.h; path = DDRadiationUnitConverter.h; sourceTree = "<group>"; };
		CE2E28461B9048020079012D /* DDRadiationUnitConverter.m */ = {isa = PBXFileReference; fileEncoding = 4; lastKnownFileType = sourcecode.c.objc; path = DDRadiationUnitConverter.m; sourceTree = "<group>"; };
		CE2E28471B9048020079012D /* DDTemperatureUnitConverter.h */ = {isa = PBXFileReference; fileEncoding = 4; lastKnownFileType = sourcecode.c.h; path = DDTemperatureUnitConverter.h; sourceTree = "<group>"; };
		CE2E28481B9048020079012D /* DDTemperatureUnitConverter.m */ = {isa = PBXFileReference; fileEncoding = 4; lastKnownFileType = sourcecode.c.objc; path = DDTemperatureUnitConverter.m; sourceTree = "<group>"; };
		CE2E28491B9048020079012D /* DDTimeUnitConverter.h */ = {isa = PBXFileReference; fileEncoding = 4; lastKnownFileType = sourcecode.c.h; path = DDTimeUnitConverter.h; sourceTree = "<group>"; };
		CE2E284A1B9048020079012D /* DDTimeUnitConverter.m */ = {isa = PBXFileReference; fileEncoding = 4; lastKnownFileType = sourcecode.c.objc; path = DDTimeUnitConverter.m; sourceTree = "<group>"; };
		CE2E284B1B9048020079012D /* DDTorqueUnitConverter.h */ = {isa = PBXFileReference; fileEncoding = 4; lastKnownFileType = sourcecode.c.h; path = DDTorqueUnitConverter.h; sourceTree = "<group>"; };
		CE2E284C1B9048020079012D /* DDTorqueUnitConverter.m */ = {isa = PBXFileReference; fileEncoding = 4; lastKnownFileType = sourcecode.c.objc; path = DDTorqueUnitConverter.m; sourceTree = "<group>"; };
		CE2E284D1B9048020079012D /* DDUnitConversion.h */ = {isa = PBXFileReference; fileEncoding = 4; lastKnownFileType = sourcecode.c.h; path = DDUnitConversion.h; sourceTree = "<group>"; };
		CE2E284E1B9048020079012D /* DDUnitConverter.h */ = {isa = PBXFileReference; fileEncoding = 4; lastKnownFileType = sourcecode.c.h; path = DDUnitConverter.h; sourceTree = "<group>"; };
		CE2E284F1B9048020079012D /* DDUnitConverter.m */ = {isa = PBXFileReference; fileEncoding = 4; lastKnownFileType = sourcecode.c.objc; path = DDUnitConverter.m; sourceTree = "<group>"; };
		CE2E28501B9048020079012D /* DDVelocityUnitConverter.h */ = {isa = PBXFileReference; fileEncoding = 4; lastKnownFileType = sourcecode.c.h; path = DDVelocityUnitConverter.h; sourceTree = "<group>"; };
		CE2E28511B9048020079012D /* DDVelocityUnitConverter.m */ = {isa = PBXFileReference; fileEncoding = 4; lastKnownFileType = sourcecode.c.objc; path = DDVelocityUnitConverter.m; sourceTree = "<group>"; };
		CE2E28521B9048020079012D /* DDVolumeUnitConverter.h */ = {isa = PBXFileReference; fileEncoding = 4; lastKnownFileType = sourcecode.c.h; path = DDVolumeUnitConverter.h; sourceTree = "<group>"; };
		CE2E28531B9048020079012D /* DDVolumeUnitConverter.m */ = {isa = PBXFileReference; fileEncoding = 4; lastKnownFileType = sourcecode.c.objc; path = DDVolumeUnitConverter.m; sourceTree = "<group>"; };
		CE2E28541B9048020079012D /* NSDecimalNumber+DDConstants.h */ = {isa = PBXFileReference; fileEncoding = 4; lastKnownFileType = sourcecode.c.h; path = "NSDecimalNumber+DDConstants.h"; sourceTree = "<group>"; };
		CE2E28551B9048020079012D /* NSDecimalNumber+DDConstants.m */ = {isa = PBXFileReference; fileEncoding = 4; lastKnownFileType = sourcecode.c.objc; path = "NSDecimalNumber+DDConstants.m"; sourceTree = "<group>"; };
		CE39EF051B9FE11D0075D532 /* ConverterInputView.h */ = {isa = PBXFileReference; fileEncoding = 4; lastKnownFileType = sourcecode.c.h; path = ConverterInputView.h; sourceTree = "<group>"; };
		CE39EF061B9FE11D0075D532 /* ConverterInputView.m */ = {isa = PBXFileReference; fileEncoding = 4; lastKnownFileType = sourcecode.c.objc; path = ConverterInputView.m; sourceTree = "<group>"; };
		CE43B4201B8462F80010B514 /* LeftMenuItemCell.h */ = {isa = PBXFileReference; fileEncoding = 4; lastKnownFileType = sourcecode.c.h; path = LeftMenuItemCell.h; sourceTree = "<group>"; };
		CE43B4211B8462F80010B514 /* LeftMenuItemCell.m */ = {isa = PBXFileReference; fileEncoding = 4; lastKnownFileType = sourcecode.c.objc; path = LeftMenuItemCell.m; sourceTree = "<group>"; };
		CE51EE931BA1366F0027D3FA /* ThemePickerViewController.h */ = {isa = PBXFileReference; fileEncoding = 4; lastKnownFileType = sourcecode.c.h; path = ThemePickerViewController.h; sourceTree = "<group>"; };
		CE51EE941BA1366F0027D3FA /* ThemePickerViewController.m */ = {isa = PBXFileReference; fileEncoding = 4; lastKnownFileType = sourcecode.c.objc; path = ThemePickerViewController.m; sourceTree = "<group>"; };
		CE51EE961BA151020027D3FA /* ThemePickerCell.h */ = {isa = PBXFileReference; fileEncoding = 4; lastKnownFileType = sourcecode.c.h; path = ThemePickerCell.h; sourceTree = "<group>"; };
		CE51EE971BA151020027D3FA /* ThemePickerCell.m */ = {isa = PBXFileReference; fileEncoding = 4; lastKnownFileType = sourcecode.c.objc; path = ThemePickerCell.m; sourceTree = "<group>"; };
		CE5EBCFF1B831898001B5FD4 /* LeftMenuViewController.h */ = {isa = PBXFileReference; fileEncoding = 4; lastKnownFileType = sourcecode.c.h; path = LeftMenuViewController.h; sourceTree = "<group>"; };
		CE5EBD001B831898001B5FD4 /* LeftMenuViewController.m */ = {isa = PBXFileReference; fileEncoding = 4; lastKnownFileType = sourcecode.c.objc; path = LeftMenuViewController.m; sourceTree = "<group>"; };
		CE6907271B8AB18400B8852B /* MainMenuViewController.h */ = {isa = PBXFileReference; fileEncoding = 4; lastKnownFileType = sourcecode.c.h; path = MainMenuViewController.h; sourceTree = "<group>"; };
		CE6907281B8AB18400B8852B /* MainMenuViewController.m */ = {isa = PBXFileReference; fileEncoding = 4; lastKnownFileType = sourcecode.c.objc; path = MainMenuViewController.m; sourceTree = "<group>"; };
		CE6A74E91B93E9870080666B /* ConverterManager.h */ = {isa = PBXFileReference; fileEncoding = 4; lastKnownFileType = sourcecode.c.h; path = ConverterManager.h; sourceTree = "<group>"; };
		CE6A74EA1B93E9870080666B /* ConverterManager.m */ = {isa = PBXFileReference; fileEncoding = 4; lastKnownFileType = sourcecode.c.objc; path = ConverterManager.m; sourceTree = "<group>"; };
		CE6A74EC1B9409A60080666B /* UnitConversionSetting.plist */ = {isa = PBXFileReference; fileEncoding = 4; lastKnownFileType = text.plist.xml; path = UnitConversionSetting.plist; sourceTree = "<group>"; };
		CE6CFE0D1B9580E1006682C7 /* Reachability.h */ = {isa = PBXFileReference; fileEncoding = 4; lastKnownFileType = sourcecode.c.h; path = Reachability.h; sourceTree = "<group>"; };
		CE6CFE0E1B9580E1006682C7 /* Reachability.m */ = {isa = PBXFileReference; fileEncoding = 4; lastKnownFileType = sourcecode.c.objc; path = Reachability.m; sourceTree = "<group>"; };
		CE6CFE101B9580FA006682C7 /* CFNetwork.framework */ = {isa = PBXFileReference; lastKnownFileType = wrapper.framework; name = CFNetwork.framework; path = System/Library/Frameworks/CFNetwork.framework; sourceTree = SDKROOT; };
		CE6CFE121B95810B006682C7 /* SystemConfiguration.framework */ = {isa = PBXFileReference; lastKnownFileType = wrapper.framework; name = SystemConfiguration.framework; path = System/Library/Frameworks/SystemConfiguration.framework; sourceTree = SDKROOT; };
		CE6CFE141B958117006682C7 /* MobileCoreServices.framework */ = {isa = PBXFileReference; lastKnownFileType = wrapper.framework; name = MobileCoreServices.framework; path = System/Library/Frameworks/MobileCoreServices.framework; sourceTree = SDKROOT; };
		CE6CFE161B958125006682C7 /* CoreGraphics.framework */ = {isa = PBXFileReference; lastKnownFileType = wrapper.framework; name = CoreGraphics.framework; path = System/Library/Frameworks/CoreGraphics.framework; sourceTree = SDKROOT; };
		CE6CFE181B95814C006682C7 /* libz.dylib */ = {isa = PBXFileReference; lastKnownFileType = "compiled.mach-o.dylib"; name = libz.dylib; path = usr/lib/libz.dylib; sourceTree = SDKROOT; };
		CE6CFE1B1B958264006682C7 /* ASIAuthenticationDialog.h */ = {isa = PBXFileReference; fileEncoding = 4; lastKnownFileType = sourcecode.c.h; path = ASIAuthenticationDialog.h; sourceTree = "<group>"; };
		CE6CFE1C1B958264006682C7 /* ASIAuthenticationDialog.m */ = {isa = PBXFileReference; fileEncoding = 4; lastKnownFileType = sourcecode.c.objc; path = ASIAuthenticationDialog.m; sourceTree = "<group>"; };
		CE6CFE1D1B958264006682C7 /* ASICacheDelegate.h */ = {isa = PBXFileReference; fileEncoding = 4; lastKnownFileType = sourcecode.c.h; path = ASICacheDelegate.h; sourceTree = "<group>"; };
		CE6CFE1E1B958264006682C7 /* ASIDataCompressor.h */ = {isa = PBXFileReference; fileEncoding = 4; lastKnownFileType = sourcecode.c.h; path = ASIDataCompressor.h; sourceTree = "<group>"; };
		CE6CFE1F1B958264006682C7 /* ASIDataCompressor.m */ = {isa = PBXFileReference; fileEncoding = 4; lastKnownFileType = sourcecode.c.objc; path = ASIDataCompressor.m; sourceTree = "<group>"; };
		CE6CFE201B958264006682C7 /* ASIDataDecompressor.h */ = {isa = PBXFileReference; fileEncoding = 4; lastKnownFileType = sourcecode.c.h; path = ASIDataDecompressor.h; sourceTree = "<group>"; };
		CE6CFE211B958264006682C7 /* ASIDataDecompressor.m */ = {isa = PBXFileReference; fileEncoding = 4; lastKnownFileType = sourcecode.c.objc; path = ASIDataDecompressor.m; sourceTree = "<group>"; };
		CE6CFE221B958264006682C7 /* ASIDownloadCache.h */ = {isa = PBXFileReference; fileEncoding = 4; lastKnownFileType = sourcecode.c.h; path = ASIDownloadCache.h; sourceTree = "<group>"; };
		CE6CFE231B958264006682C7 /* ASIDownloadCache.m */ = {isa = PBXFileReference; fileEncoding = 4; lastKnownFileType = sourcecode.c.objc; path = ASIDownloadCache.m; sourceTree = "<group>"; };
		CE6CFE241B958264006682C7 /* ASIFormDataRequest.h */ = {isa = PBXFileReference; fileEncoding = 4; lastKnownFileType = sourcecode.c.h; path = ASIFormDataRequest.h; sourceTree = "<group>"; };
		CE6CFE251B958264006682C7 /* ASIFormDataRequest.m */ = {isa = PBXFileReference; fileEncoding = 4; lastKnownFileType = sourcecode.c.objc; path = ASIFormDataRequest.m; sourceTree = "<group>"; };
		CE6CFE261B958264006682C7 /* ASIHTTPRequest.h */ = {isa = PBXFileReference; fileEncoding = 4; lastKnownFileType = sourcecode.c.h; path = ASIHTTPRequest.h; sourceTree = "<group>"; };
		CE6CFE271B958264006682C7 /* ASIHTTPRequest.m */ = {isa = PBXFileReference; fileEncoding = 4; lastKnownFileType = sourcecode.c.objc; path = ASIHTTPRequest.m; sourceTree = "<group>"; };
		CE6CFE281B958264006682C7 /* ASIHTTPRequestConfig.h */ = {isa = PBXFileReference; fileEncoding = 4; lastKnownFileType = sourcecode.c.h; path = ASIHTTPRequestConfig.h; sourceTree = "<group>"; };
		CE6CFE291B958264006682C7 /* ASIHTTPRequestDelegate.h */ = {isa = PBXFileReference; fileEncoding = 4; lastKnownFileType = sourcecode.c.h; path = ASIHTTPRequestDelegate.h; sourceTree = "<group>"; };
		CE6CFE2A1B958264006682C7 /* ASIInputStream.h */ = {isa = PBXFileReference; fileEncoding = 4; lastKnownFileType = sourcecode.c.h; path = ASIInputStream.h; sourceTree = "<group>"; };
		CE6CFE2B1B958264006682C7 /* ASIInputStream.m */ = {isa = PBXFileReference; fileEncoding = 4; lastKnownFileType = sourcecode.c.objc; path = ASIInputStream.m; sourceTree = "<group>"; };
		CE6CFE2C1B958264006682C7 /* ASINetworkQueue.h */ = {isa = PBXFileReference; fileEncoding = 4; lastKnownFileType = sourcecode.c.h; path = ASINetworkQueue.h; sourceTree = "<group>"; };
		CE6CFE2D1B958264006682C7 /* ASINetworkQueue.m */ = {isa = PBXFileReference; fileEncoding = 4; lastKnownFileType = sourcecode.c.objc; path = ASINetworkQueue.m; sourceTree = "<group>"; };
		CE6CFE2E1B958264006682C7 /* ASIProgressDelegate.h */ = {isa = PBXFileReference; fileEncoding = 4; lastKnownFileType = sourcecode.c.h; path = ASIProgressDelegate.h; sourceTree = "<group>"; };
		CE6CFE381B9583A3006682C7 /* SBJson4.h */ = {isa = PBXFileReference; fileEncoding = 4; lastKnownFileType = sourcecode.c.h; path = SBJson4.h; sourceTree = "<group>"; };
		CE6CFE391B9583A3006682C7 /* SBJson4Parser.h */ = {isa = PBXFileReference; fileEncoding = 4; lastKnownFileType = sourcecode.c.h; path = SBJson4Parser.h; sourceTree = "<group>"; };
		CE6CFE3A1B9583A3006682C7 /* SBJson4Parser.m */ = {isa = PBXFileReference; fileEncoding = 4; lastKnownFileType = sourcecode.c.objc; path = SBJson4Parser.m; sourceTree = "<group>"; };
		CE6CFE3B1B9583A3006682C7 /* SBJson4StreamParser.h */ = {isa = PBXFileReference; fileEncoding = 4; lastKnownFileType = sourcecode.c.h; path = SBJson4StreamParser.h; sourceTree = "<group>"; };
		CE6CFE3C1B9583A3006682C7 /* SBJson4StreamParser.m */ = {isa = PBXFileReference; fileEncoding = 4; lastKnownFileType = sourcecode.c.objc; path = SBJson4StreamParser.m; sourceTree = "<group>"; };
		CE6CFE3D1B9583A3006682C7 /* SBJson4StreamParserState.h */ = {isa = PBXFileReference; fileEncoding = 4; lastKnownFileType = sourcecode.c.h; path = SBJson4StreamParserState.h; sourceTree = "<group>"; };
		CE6CFE3E1B9583A3006682C7 /* SBJson4StreamParserState.m */ = {isa = PBXFileReference; fileEncoding = 4; lastKnownFileType = sourcecode.c.objc; path = SBJson4StreamParserState.m; sourceTree = "<group>"; };
		CE6CFE3F1B9583A3006682C7 /* SBJson4StreamTokeniser.h */ = {isa = PBXFileReference; fileEncoding = 4; lastKnownFileType = sourcecode.c.h; path = SBJson4StreamTokeniser.h; sourceTree = "<group>"; };
		CE6CFE401B9583A3006682C7 /* SBJson4StreamTokeniser.m */ = {isa = PBXFileReference; fileEncoding = 4; lastKnownFileType = sourcecode.c.objc; path = SBJson4StreamTokeniser.m; sourceTree = "<group>"; };
		CE6CFE411B9583A3006682C7 /* SBJson4StreamWriter.h */ = {isa = PBXFileReference; fileEncoding = 4; lastKnownFileType = sourcecode.c.h; path = SBJson4StreamWriter.h; sourceTree = "<group>"; };
		CE6CFE421B9583A3006682C7 /* SBJson4StreamWriter.m */ = {isa = PBXFileReference; fileEncoding = 4; lastKnownFileType = sourcecode.c.objc; path = SBJson4StreamWriter.m; sourceTree = "<group>"; };
		CE6CFE431B9583A3006682C7 /* SBJson4StreamWriterState.h */ = {isa = PBXFileReference; fileEncoding = 4; lastKnownFileType = sourcecode.c.h; path = SBJson4StreamWriterState.h; sourceTree = "<group>"; };
		CE6CFE441B9583A3006682C7 /* SBJson4StreamWriterState.m */ = {isa = PBXFileReference; fileEncoding = 4; lastKnownFileType = sourcecode.c.objc; path = SBJson4StreamWriterState.m; sourceTree = "<group>"; };
		CE6CFE451B9583A3006682C7 /* SBJson4Writer.h */ = {isa = PBXFileReference; fileEncoding = 4; lastKnownFileType = sourcecode.c.h; path = SBJson4Writer.h; sourceTree = "<group>"; };
		CE6CFE461B9583A3006682C7 /* SBJson4Writer.m */ = {isa = PBXFileReference; fileEncoding = 4; lastKnownFileType = sourcecode.c.objc; path = SBJson4Writer.m; sourceTree = "<group>"; };
		CE6CFE4F1B9583F6006682C7 /* YFCurrencyConversion.h */ = {isa = PBXFileReference; fileEncoding = 4; lastKnownFileType = sourcecode.c.h; path = YFCurrencyConversion.h; sourceTree = "<group>"; };
		CE6CFE501B9583F6006682C7 /* YFCurrencyConversion.m */ = {isa = PBXFileReference; fileEncoding = 4; lastKnownFileType = sourcecode.c.objc; path = YFCurrencyConversion.m; sourceTree = "<group>"; };
		CE6CFE521B95841F006682C7 /* YFTwoValueObject.h */ = {isa = PBXFileReference; fileEncoding = 4; lastKnownFileType = sourcecode.c.h; path = YFTwoValueObject.h; sourceTree = "<group>"; };
		CE6CFE531B95841F006682C7 /* YFTwoValueObject.m */ = {isa = PBXFileReference; fileEncoding = 4; lastKnownFileType = sourcecode.c.objc; path = YFTwoValueObject.m; sourceTree = "<group>"; };
		CE8351AE1BA6960900C6BAA3 /* ExtendNSLog_Prefix.pch */ = {isa = PBXFileReference; lastKnownFileType = sourcecode.c.h; path = ExtendNSLog_Prefix.pch; sourceTree = "<group>"; };
		CE8351AF1BA697D300C6BAA3 /* ExtendNSLog.h */ = {isa = PBXFileReference; fileEncoding = 4; lastKnownFileType = sourcecode.c.h; path = ExtendNSLog.h; sourceTree = "<group>"; };
		CE8351B01BA697D300C6BAA3 /* ExtendNSLog.m */ = {isa = PBXFileReference; fileEncoding = 4; lastKnownFileType = sourcecode.c.objc; path = ExtendNSLog.m; sourceTree = "<group>"; };
		CE8351B31BA69E9000C6BAA3 /* CacheManager.h */ = {isa = PBXFileReference; fileEncoding = 4; lastKnownFileType = sourcecode.c.h; path = CacheManager.h; sourceTree = "<group>"; };
		CE8351B41BA69E9000C6BAA3 /* CacheManager.m */ = {isa = PBXFileReference; fileEncoding = 4; lastKnownFileType = sourcecode.c.objc; path = CacheManager.m; sourceTree = "<group>"; };
		CE84A8231B8C3D57001AD1AC /* GridButton.h */ = {isa = PBXFileReference; fileEncoding = 4; lastKnownFileType = sourcecode.c.h; path = GridButton.h; sourceTree = "<group>"; };
		CE84A8241B8C3D57001AD1AC /* GridButton.m */ = {isa = PBXFileReference; fileEncoding = 4; lastKnownFileType = sourcecode.c.objc; path = GridButton.m; sourceTree = "<group>"; };
		CE87C8571B8F033C00EA3305 /* Lato-Light.ttf */ = {isa = PBXFileReference; lastKnownFileType = file; path = "Lato-Light.ttf"; sourceTree = "<group>"; };
		CE87C8581B8F033C00EA3305 /* Lato-Medium.ttf */ = {isa = PBXFileReference; lastKnownFileType = file; path = "Lato-Medium.ttf"; sourceTree = "<group>"; };
		CE87C85D1B8F06C600EA3305 /* Lato-Regular.ttf */ = {isa = PBXFileReference; lastKnownFileType = file; path = "Lato-Regular.ttf"; sourceTree = "<group>"; };
		CE87C87E1B8F140400EA3305 /* Neon.ttf */ = {isa = PBXFileReference; lastKnownFileType = file; path = Neon.ttf; sourceTree = "<group>"; };
		CEB79A341B857082001C7806 /* RecordManager.h */ = {isa = PBXFileReference; fileEncoding = 4; lastKnownFileType = sourcecode.c.h; path = RecordManager.h; sourceTree = "<group>"; };
		CEB79A351B857082001C7806 /* RecordManager.m */ = {isa = PBXFileReference; fileEncoding = 4; lastKnownFileType = sourcecode.c.objc; path = RecordManager.m; sourceTree = "<group>"; };
		CEB79A3A1B858399001C7806 /* Helper.h */ = {isa = PBXFileReference; fileEncoding = 4; lastKnownFileType = sourcecode.c.h; path = Helper.h; sourceTree = "<group>"; };
		CEB79A3B1B858399001C7806 /* Helper.m */ = {isa = PBXFileReference; fileEncoding = 4; lastKnownFileType = sourcecode.c.objc; path = Helper.m; sourceTree = "<group>"; };
		CEC991421B998E510071442A /* MainMenuBtnView.h */ = {isa = PBXFileReference; fileEncoding = 4; lastKnownFileType = sourcecode.c.h; path = MainMenuBtnView.h; sourceTree = "<group>"; };
		CEC991431B998E510071442A /* MainMenuBtnView.m */ = {isa = PBXFileReference; fileEncoding = 4; lastKnownFileType = sourcecode.c.objc; path = MainMenuBtnView.m; sourceTree = "<group>"; };
		CEC991451B998E9F0071442A /* DelegateView.h */ = {isa = PBXFileReference; fileEncoding = 4; lastKnownFileType = sourcecode.c.h; path = DelegateView.h; sourceTree = "<group>"; };
		CEC991461B998E9F0071442A /* DelegateView.m */ = {isa = PBXFileReference; fileEncoding = 4; lastKnownFileType = sourcecode.c.objc; path = DelegateView.m; sourceTree = "<group>"; };
		CECB4B511B81BDC900F4EBCD /* Calculator.app */ = {isa = PBXFileReference; explicitFileType = wrapper.application; includeInIndex = 0; path = Calculator.app; sourceTree = BUILT_PRODUCTS_DIR; };
		CECB4B551B81BDC900F4EBCD /* Info.plist */ = {isa = PBXFileReference; lastKnownFileType = text.plist.xml; path = Info.plist; sourceTree = "<group>"; };
		CECB4B561B81BDC900F4EBCD /* main.m */ = {isa = PBXFileReference; lastKnownFileType = sourcecode.c.objc; path = main.m; sourceTree = "<group>"; };
		CECB4B581B81BDC900F4EBCD /* AppDelegate.h */ = {isa = PBXFileReference; lastKnownFileType = sourcecode.c.h; path = AppDelegate.h; sourceTree = "<group>"; };
		CECB4B591B81BDC900F4EBCD /* AppDelegate.m */ = {isa = PBXFileReference; lastKnownFileType = sourcecode.c.objc; path = AppDelegate.m; sourceTree = "<group>"; };
		CECB4B5B1B81BDC900F4EBCD /* CalculatorViewController.h */ = {isa = PBXFileReference; lastKnownFileType = sourcecode.c.h; path = CalculatorViewController.h; sourceTree = "<group>"; };
		CECB4B5C1B81BDC900F4EBCD /* CalculatorViewController.m */ = {isa = PBXFileReference; lastKnownFileType = sourcecode.c.objc; path = CalculatorViewController.m; sourceTree = "<group>"; };
		CECB4B5F1B81BDC900F4EBCD /* Base */ = {isa = PBXFileReference; lastKnownFileType = file.storyboard; name = Base; path = Base.lproj/Main.storyboard; sourceTree = "<group>"; };
		CECB4B611B81BDC900F4EBCD /* Images.xcassets */ = {isa = PBXFileReference; lastKnownFileType = folder.assetcatalog; path = Images.xcassets; sourceTree = "<group>"; };
		CECB4B641B81BDC900F4EBCD /* Base */ = {isa = PBXFileReference; lastKnownFileType = file.xib; name = Base; path = Base.lproj/LaunchScreen.xib; sourceTree = "<group>"; };
		CECB4B6A1B81BDC900F4EBCD /* CalculatorTests.xctest */ = {isa = PBXFileReference; explicitFileType = wrapper.cfbundle; includeInIndex = 0; path = CalculatorTests.xctest; sourceTree = BUILT_PRODUCTS_DIR; };
		CECB4B6F1B81BDC900F4EBCD /* Info.plist */ = {isa = PBXFileReference; lastKnownFileType = text.plist.xml; path = Info.plist; sourceTree = "<group>"; };
		CECB4B701B81BDC900F4EBCD /* CalculatorTests.m */ = {isa = PBXFileReference; lastKnownFileType = sourcecode.c.objc; path = CalculatorTests.m; sourceTree = "<group>"; };
		CECF87A81B8DADBF00733B8B /* CategoryEx.h */ = {isa = PBXFileReference; fileEncoding = 4; lastKnownFileType = sourcecode.c.h; path = CategoryEx.h; sourceTree = "<group>"; };
		CECF87A91B8DADBF00733B8B /* CategoryEx.m */ = {isa = PBXFileReference; fileEncoding = 4; lastKnownFileType = sourcecode.c.objc; path = CategoryEx.m; sourceTree = "<group>"; };
		CEEF77B71B97E795005D890A /* ThemeManager.h */ = {isa = PBXFileReference; fileEncoding = 4; lastKnownFileType = sourcecode.c.h; path = ThemeManager.h; sourceTree = "<group>"; };
		CEEF77B81B97E795005D890A /* ThemeManager.m */ = {isa = PBXFileReference; fileEncoding = 4; lastKnownFileType = sourcecode.c.objc; path = ThemeManager.m; sourceTree = "<group>"; };
		CEEF77BA1B97EB87005D890A /* ThemeConfig.plist */ = {isa = PBXFileReference; fileEncoding = 4; lastKnownFileType = text.plist.xml; path = ThemeConfig.plist; sourceTree = "<group>"; };
/* End PBXFileReference section */

/* Begin PBXFrameworksBuildPhase section */
		CECB4B4E1B81BDC900F4EBCD /* Frameworks */ = {
			isa = PBXFrameworksBuildPhase;
			buildActionMask = 2147483647;
			files = (
				CE6CFE191B95814C006682C7 /* libz.dylib in Frameworks */,
				CE6CFE171B958125006682C7 /* CoreGraphics.framework in Frameworks */,
				CE6CFE151B958117006682C7 /* MobileCoreServices.framework in Frameworks */,
				CE6CFE131B95810B006682C7 /* SystemConfiguration.framework in Frameworks */,
				CE6CFE111B9580FA006682C7 /* CFNetwork.framework in Frameworks */,
				CE13B9B11B8732BD007C58BF /* iAd.framework in Frameworks */,
			);
			runOnlyForDeploymentPostprocessing = 0;
		};
		CECB4B671B81BDC900F4EBCD /* Frameworks */ = {
			isa = PBXFrameworksBuildPhase;
			buildActionMask = 2147483647;
			files = (
			);
			runOnlyForDeploymentPostprocessing = 0;
		};
/* End PBXFrameworksBuildPhase section */

/* Begin PBXGroup section */
		CE13B9A51B86B8B6007C58BF /* RecordMenu */ = {
			isa = PBXGroup;
			children = (
				CE13B9A61B86B8D8007C58BF /* RecordMenuViewController.h */,
				CE13B9A71B86B8D8007C58BF /* RecordMenuViewController.m */,
				CE13B9A91B86B8F1007C58BF /* RecordMenuCell.h */,
				CE13B9AA1B86B8F1007C58BF /* RecordMenuCell.m */,
			);
			name = RecordMenu;
			sourceTree = "<group>";
		};
		CE13B9AC1B86C09F007C58BF /* DelegateViewController */ = {
			isa = PBXGroup;
			children = (
				CE13B9AD1B86C0C8007C58BF /* DelegateViewController.h */,
				CE13B9AE1B86C0C8007C58BF /* DelegateViewController.m */,
				CEC991451B998E9F0071442A /* DelegateView.h */,
				CEC991461B998E9F0071442A /* DelegateView.m */,
			);
			name = DelegateViewController;
			sourceTree = "<group>";
		};
		CE2E28081B8FFEA30079012D /* NavController */ = {
			isa = PBXGroup;
			children = (
				CE2E28051B8FF9610079012D /* NavController.h */,
				CE2E28061B8FF9610079012D /* NavController.m */,
			);
			name = NavController;
			sourceTree = "<group>";
		};
		CE2E28091B9032510079012D /* ThirdParty */ = {
			isa = PBXGroup;
			children = (
				CE6CFE4E1B9583E0006682C7 /* YFCurrencyConversion */,
				CE6CFE371B958392006682C7 /* SBJson */,
				CE6CFE0C1B9580AE006682C7 /* Reachability */,
				CE6CFDEF1B957FA2006682C7 /* ASIHttp */,
				CE2E28261B9047EB0079012D /* DDUnitConverter */,
				CE2E28251B9047D70079012D /* FPPopoverController */,
			);
			name = ThirdParty;
			sourceTree = "<group>";
		};
		CE2E28141B9033AE0079012D /* ConverterModule */ = {
			isa = PBXGroup;
			children = (
				CE6A74E81B93E86E0080666B /* ConverterManager */,
				CE2E281D1B9035EC0079012D /* Converter */,
				CE2E28191B9034640079012D /* UnitPick */,
			);
			name = ConverterModule;
			sourceTree = "<group>";
		};
		CE2E28191B9034640079012D /* UnitPick */ = {
			isa = PBXGroup;
			children = (
				CE2E281A1B9034790079012D /* UnitPickViewController.h */,
				CE2E281B1B9034790079012D /* UnitPickViewController.m */,
				CE2E28211B903D160079012D /* UnitPickCell.h */,
				CE2E28221B903D160079012D /* UnitPickCell.m */,
			);
			name = UnitPick;
			sourceTree = "<group>";
		};
		CE2E281D1B9035EC0079012D /* Converter */ = {
			isa = PBXGroup;
			children = (
				CE2E281E1B9035FE0079012D /* ConverterViewController.h */,
				CE2E281F1B9035FE0079012D /* ConverterViewController.m */,
				CE39EF051B9FE11D0075D532 /* ConverterInputView.h */,
				CE39EF061B9FE11D0075D532 /* ConverterInputView.m */,
			);
			name = Converter;
			sourceTree = "<group>";
		};
		CE2E28251B9047D70079012D /* FPPopoverController */ = {
			isa = PBXGroup;
			children = (
				CE2E280A1B9032850079012D /* ARCMacros.h */,
				CE2E280B1B9032850079012D /* FPPopoverController.h */,
				CE2E280C1B9032850079012D /* FPPopoverController.m */,
				CE2E280D1B9032850079012D /* FPPopoverView.h */,
				CE2E280E1B9032850079012D /* FPPopoverView.m */,
				CE2E280F1B9032850079012D /* FPTouchView.h */,
				CE2E28101B9032850079012D /* FPTouchView.m */,
			);
			name = FPPopoverController;
			sourceTree = "<group>";
		};
		CE2E28261B9047EB0079012D /* DDUnitConverter */ = {
			isa = PBXGroup;
			children = (
				CE2E28271B9048020079012D /* DDAccelerationUnitConverter.h */,
				CE2E28281B9048020079012D /* DDAccelerationUnitConverter.m */,
				CE2E28291B9048020079012D /* DDAngleUnitConverter.h */,
				CE2E282A1B9048020079012D /* DDAngleUnitConverter.m */,
				CE2E282B1B9048020079012D /* DDAreaUnitConverter.h */,
				CE2E282C1B9048020079012D /* DDAreaUnitConverter.m */,
				CE2E282D1B9048020079012D /* DDByteUnitConverter.h */,
				CE2E282E1B9048020079012D /* DDByteUnitConverter.m */,
				CE2E282F1B9048020079012D /* DDCurrencyUnitConverter.h */,
				CE2E28301B9048020079012D /* DDCurrencyUnitConverter.m */,
				CE2E28311B9048020079012D /* DDCurrentUnitConverter.h */,
				CE2E28321B9048020079012D /* DDCurrentUnitConverter.m */,
				CE2E28331B9048020079012D /* DDEnergyUnitConverter.h */,
				CE2E28341B9048020079012D /* DDEnergyUnitConverter.m */,
				CE2E28351B9048020079012D /* DDForceUnitConverter.h */,
				CE2E28361B9048020079012D /* DDForceUnitConverter.m */,
				CE2E28371B9048020079012D /* DDIlluminationUnitConverter.h */,
				CE2E28381B9048020079012D /* DDIlluminationUnitConverter.m */,
				CE2E28391B9048020079012D /* DDInductanceUnitConverter.h */,
				CE2E283A1B9048020079012D /* DDInductanceUnitConverter.m */,
				CE2E283B1B9048020079012D /* DDLengthUnitConverter.h */,
				CE2E283C1B9048020079012D /* DDLengthUnitConverter.m */,
				CE2E283D1B9048020079012D /* DDMagnitudeUnitConverter.h */,
				CE2E283E1B9048020079012D /* DDMagnitudeUnitConverter.m */,
				CE2E283F1B9048020079012D /* DDMassUnitConverter.h */,
				CE2E28401B9048020079012D /* DDMassUnitConverter.m */,
				CE2E28411B9048020079012D /* DDPowerUnitConverter.h */,
				CE2E28421B9048020079012D /* DDPowerUnitConverter.m */,
				CE2E28431B9048020079012D /* DDPressureUnitConverter.h */,
				CE2E28441B9048020079012D /* DDPressureUnitConverter.m */,
				CE2E28451B9048020079012D /* DDRadiationUnitConverter.h */,
				CE2E28461B9048020079012D /* DDRadiationUnitConverter.m */,
				CE2E28471B9048020079012D /* DDTemperatureUnitConverter.h */,
				CE2E28481B9048020079012D /* DDTemperatureUnitConverter.m */,
				CE2E28491B9048020079012D /* DDTimeUnitConverter.h */,
				CE2E284A1B9048020079012D /* DDTimeUnitConverter.m */,
				CE2E284B1B9048020079012D /* DDTorqueUnitConverter.h */,
				CE2E284C1B9048020079012D /* DDTorqueUnitConverter.m */,
				CE2E284D1B9048020079012D /* DDUnitConversion.h */,
				CE2E284E1B9048020079012D /* DDUnitConverter.h */,
				CE2E284F1B9048020079012D /* DDUnitConverter.m */,
				CE2E28501B9048020079012D /* DDVelocityUnitConverter.h */,
				CE2E28511B9048020079012D /* DDVelocityUnitConverter.m */,
				CE2E28521B9048020079012D /* DDVolumeUnitConverter.h */,
				CE2E28531B9048020079012D /* DDVolumeUnitConverter.m */,
				CE2E28541B9048020079012D /* NSDecimalNumber+DDConstants.h */,
				CE2E28551B9048020079012D /* NSDecimalNumber+DDConstants.m */,
			);
			name = DDUnitConverter;
			sourceTree = "<group>";
		};
		CE51EE911BA136380027D3FA /* ThemeManager */ = {
			isa = PBXGroup;
			children = (
				CEEF77B71B97E795005D890A /* ThemeManager.h */,
				CEEF77B81B97E795005D890A /* ThemeManager.m */,
			);
			name = ThemeManager;
			sourceTree = "<group>";
		};
		CE51EE921BA136460027D3FA /* ThemePicker */ = {
			isa = PBXGroup;
			children = (
				CE51EE931BA1366F0027D3FA /* ThemePickerViewController.h */,
				CE51EE941BA1366F0027D3FA /* ThemePickerViewController.m */,
				CE51EE961BA151020027D3FA /* ThemePickerCell.h */,
				CE51EE971BA151020027D3FA /* ThemePickerCell.m */,
			);
			name = ThemePicker;
			sourceTree = "<group>";
		};
		CE6907231B8AB05500B8852B /* CalculatorModule */ = {
			isa = PBXGroup;
			children = (
				CEB79A2D1B856F5E001C7806 /* LeftMenu */,
				CEB79A2F1B856F91001C7806 /* Calculator */,
				CEB79A331B857063001C7806 /* RecordManager */,
				CE13B9A51B86B8B6007C58BF /* RecordMenu */,
			);
			name = CalculatorModule;
			sourceTree = "<group>";
		};
		CE6907241B8AB11D00B8852B /* Common */ = {
			isa = PBXGroup;
			children = (
				CE8351B21BA69D8500C6BAA3 /* CacheManager */,
				CEB79A391B858381001C7806 /* Helper */,
				CE13B9AC1B86C09F007C58BF /* DelegateViewController */,
			);
			name = Common;
			sourceTree = "<group>";
		};
		CE6907251B8AB15300B8852B /* MainMenuModule */ = {
			isa = PBXGroup;
			children = (
				CE6907261B8AB16B00B8852B /* MainMenu */,
			);
			name = MainMenuModule;
			sourceTree = "<group>";
		};
		CE6907261B8AB16B00B8852B /* MainMenu */ = {
			isa = PBXGroup;
			children = (
				CE6907271B8AB18400B8852B /* MainMenuViewController.h */,
				CE6907281B8AB18400B8852B /* MainMenuViewController.m */,
				CEC991421B998E510071442A /* MainMenuBtnView.h */,
				CEC991431B998E510071442A /* MainMenuBtnView.m */,
			);
			name = MainMenu;
			sourceTree = "<group>";
		};
		CE6A74E81B93E86E0080666B /* ConverterManager */ = {
			isa = PBXGroup;
			children = (
				CE6A74E91B93E9870080666B /* ConverterManager.h */,
				CE6A74EA1B93E9870080666B /* ConverterManager.m */,
			);
			name = ConverterManager;
			sourceTree = "<group>";
		};
		CE6CFDEF1B957FA2006682C7 /* ASIHttp */ = {
			isa = PBXGroup;
			children = (
				CE6CFE1B1B958264006682C7 /* ASIAuthenticationDialog.h */,
				CE6CFE1C1B958264006682C7 /* ASIAuthenticationDialog.m */,
				CE6CFE1D1B958264006682C7 /* ASICacheDelegate.h */,
				CE6CFE1E1B958264006682C7 /* ASIDataCompressor.h */,
				CE6CFE1F1B958264006682C7 /* ASIDataCompressor.m */,
				CE6CFE201B958264006682C7 /* ASIDataDecompressor.h */,
				CE6CFE211B958264006682C7 /* ASIDataDecompressor.m */,
				CE6CFE221B958264006682C7 /* ASIDownloadCache.h */,
				CE6CFE231B958264006682C7 /* ASIDownloadCache.m */,
				CE6CFE241B958264006682C7 /* ASIFormDataRequest.h */,
				CE6CFE251B958264006682C7 /* ASIFormDataRequest.m */,
				CE6CFE261B958264006682C7 /* ASIHTTPRequest.h */,
				CE6CFE271B958264006682C7 /* ASIHTTPRequest.m */,
				CE6CFE281B958264006682C7 /* ASIHTTPRequestConfig.h */,
				CE6CFE291B958264006682C7 /* ASIHTTPRequestDelegate.h */,
				CE6CFE2A1B958264006682C7 /* ASIInputStream.h */,
				CE6CFE2B1B958264006682C7 /* ASIInputStream.m */,
				CE6CFE2C1B958264006682C7 /* ASINetworkQueue.h */,
				CE6CFE2D1B958264006682C7 /* ASINetworkQueue.m */,
				CE6CFE2E1B958264006682C7 /* ASIProgressDelegate.h */,
			);
			name = ASIHttp;
			sourceTree = "<group>";
		};
		CE6CFE0C1B9580AE006682C7 /* Reachability */ = {
			isa = PBXGroup;
			children = (
				CE6CFE0D1B9580E1006682C7 /* Reachability.h */,
				CE6CFE0E1B9580E1006682C7 /* Reachability.m */,
			);
			name = Reachability;
			sourceTree = "<group>";
		};
		CE6CFE1A1B958154006682C7 /* Frameworks */ = {
			isa = PBXGroup;
			children = (
				CE6CFE181B95814C006682C7 /* libz.dylib */,
				CE6CFE161B958125006682C7 /* CoreGraphics.framework */,
				CE6CFE141B958117006682C7 /* MobileCoreServices.framework */,
				CE6CFE121B95810B006682C7 /* SystemConfiguration.framework */,
				CE6CFE101B9580FA006682C7 /* CFNetwork.framework */,
				CE13B9B01B8732BD007C58BF /* iAd.framework */,
			);
			name = Frameworks;
			sourceTree = "<group>";
		};
		CE6CFE371B958392006682C7 /* SBJson */ = {
			isa = PBXGroup;
			children = (
				CE6CFE381B9583A3006682C7 /* SBJson4.h */,
				CE6CFE391B9583A3006682C7 /* SBJson4Parser.h */,
				CE6CFE3A1B9583A3006682C7 /* SBJson4Parser.m */,
				CE6CFE3B1B9583A3006682C7 /* SBJson4StreamParser.h */,
				CE6CFE3C1B9583A3006682C7 /* SBJson4StreamParser.m */,
				CE6CFE3D1B9583A3006682C7 /* SBJson4StreamParserState.h */,
				CE6CFE3E1B9583A3006682C7 /* SBJson4StreamParserState.m */,
				CE6CFE3F1B9583A3006682C7 /* SBJson4StreamTokeniser.h */,
				CE6CFE401B9583A3006682C7 /* SBJson4StreamTokeniser.m */,
				CE6CFE411B9583A3006682C7 /* SBJson4StreamWriter.h */,
				CE6CFE421B9583A3006682C7 /* SBJson4StreamWriter.m */,
				CE6CFE431B9583A3006682C7 /* SBJson4StreamWriterState.h */,
				CE6CFE441B9583A3006682C7 /* SBJson4StreamWriterState.m */,
				CE6CFE451B9583A3006682C7 /* SBJson4Writer.h */,
				CE6CFE461B9583A3006682C7 /* SBJson4Writer.m */,
			);
			name = SBJson;
			sourceTree = "<group>";
		};
		CE6CFE4E1B9583E0006682C7 /* YFCurrencyConversion */ = {
			isa = PBXGroup;
			children = (
				CE6CFE521B95841F006682C7 /* YFTwoValueObject.h */,
				CE6CFE531B95841F006682C7 /* YFTwoValueObject.m */,
				CE6CFE4F1B9583F6006682C7 /* YFCurrencyConversion.h */,
				CE6CFE501B9583F6006682C7 /* YFCurrencyConversion.m */,
			);
			name = YFCurrencyConversion;
			sourceTree = "<group>";
		};
		CE8351B21BA69D8500C6BAA3 /* CacheManager */ = {
			isa = PBXGroup;
			children = (
				CE8351B31BA69E9000C6BAA3 /* CacheManager.h */,
				CE8351B41BA69E9000C6BAA3 /* CacheManager.m */,
			);
			name = CacheManager;
			sourceTree = "<group>";
		};
		CE84A8221B8C3CE7001AD1AC /* CustomizeButton */ = {
			isa = PBXGroup;
			children = (
				CE84A8231B8C3D57001AD1AC /* GridButton.h */,
				CE84A8241B8C3D57001AD1AC /* GridButton.m */,
			);
			name = CustomizeButton;
			sourceTree = "<group>";
		};
		CE87C8541B8F014E00EA3305 /* Resources */ = {
			isa = PBXGroup;
			children = (
				CE87C87E1B8F140400EA3305 /* Neon.ttf */,
				CE87C85D1B8F06C600EA3305 /* Lato-Regular.ttf */,
				CE87C8571B8F033C00EA3305 /* Lato-Light.ttf */,
				CE87C8581B8F033C00EA3305 /* Lato-Medium.ttf */,
			);
			name = Resources;
			sourceTree = "<group>";
		};
		CEB79A2D1B856F5E001C7806 /* LeftMenu */ = {
			isa = PBXGroup;
			children = (
				CE5EBCFF1B831898001B5FD4 /* LeftMenuViewController.h */,
				CE5EBD001B831898001B5FD4 /* LeftMenuViewController.m */,
				CE43B4201B8462F80010B514 /* LeftMenuItemCell.h */,
				CE43B4211B8462F80010B514 /* LeftMenuItemCell.m */,
			);
			name = LeftMenu;
			sourceTree = "<group>";
		};
		CEB79A2F1B856F91001C7806 /* Calculator */ = {
			isa = PBXGroup;
			children = (
				CECB4B5B1B81BDC900F4EBCD /* CalculatorViewController.h */,
				CECB4B5C1B81BDC900F4EBCD /* CalculatorViewController.m */,
			);
			name = Calculator;
			sourceTree = "<group>";
		};
		CEB79A331B857063001C7806 /* RecordManager */ = {
			isa = PBXGroup;
			children = (
				CEB79A341B857082001C7806 /* RecordManager.h */,
				CEB79A351B857082001C7806 /* RecordManager.m */,
			);
			name = RecordManager;
			sourceTree = "<group>";
		};
		CEB79A391B858381001C7806 /* Helper */ = {
			isa = PBXGroup;
			children = (
				CEB79A3A1B858399001C7806 /* Helper.h */,
				CEB79A3B1B858399001C7806 /* Helper.m */,
			);
			name = Helper;
			sourceTree = "<group>";
		};
		CECB4B481B81BDC900F4EBCD = {
			isa = PBXGroup;
			children = (
				CECB4B531B81BDC900F4EBCD /* Calculator */,
				CECB4B6D1B81BDC900F4EBCD /* CalculatorTests */,
				CECB4B521B81BDC900F4EBCD /* Products */,
			);
			sourceTree = "<group>";
		};
		CECB4B521B81BDC900F4EBCD /* Products */ = {
			isa = PBXGroup;
			children = (
				CECB4B511B81BDC900F4EBCD /* Calculator.app */,
				CECB4B6A1B81BDC900F4EBCD /* CalculatorTests.xctest */,
			);
			name = Products;
			sourceTree = "<group>";
		};
		CECB4B531B81BDC900F4EBCD /* Calculator */ = {
			isa = PBXGroup;
			children = (
				CE6CFE1A1B958154006682C7 /* Frameworks */,
				CE2E28091B9032510079012D /* ThirdParty */,
				CE2E28081B8FFEA30079012D /* NavController */,
				CE87C8541B8F014E00EA3305 /* Resources */,
				CECF87A71B8DAC7C00733B8B /* Category */,
				CE84A8221B8C3CE7001AD1AC /* CustomizeButton */,
				CE6907241B8AB11D00B8852B /* Common */,
				CEEF77B61B97E76D005D890A /* ThemeModule */,
				CE6907251B8AB15300B8852B /* MainMenuModule */,
				CE6907231B8AB05500B8852B /* CalculatorModule */,
				CE2E28141B9033AE0079012D /* ConverterModule */,
				CECB4B581B81BDC900F4EBCD /* AppDelegate.h */,
				CECB4B591B81BDC900F4EBCD /* AppDelegate.m */,
				CECB4B5E1B81BDC900F4EBCD /* Main.storyboard */,
				CECB4B611B81BDC900F4EBCD /* Images.xcassets */,
				CECB4B631B81BDC900F4EBCD /* LaunchScreen.xib */,
				CECB4B541B81BDC900F4EBCD /* Supporting Files */,
			);
			path = Calculator;
			sourceTree = "<group>";
		};
		CECB4B541B81BDC900F4EBCD /* Supporting Files */ = {
			isa = PBXGroup;
			children = (
				CE2E28241B9047C80079012D /* DDUnitConverter_Prefix.pch */,
				CECB4B551B81BDC900F4EBCD /* Info.plist */,
				CECB4B561B81BDC900F4EBCD /* main.m */,
				CE6A74EC1B9409A60080666B /* UnitConversionSetting.plist */,
				CEEF77BA1B97EB87005D890A /* ThemeConfig.plist */,
				CE8351AE1BA6960900C6BAA3 /* ExtendNSLog_Prefix.pch */,
				CE8351AF1BA697D300C6BAA3 /* ExtendNSLog.h */,
				CE8351B01BA697D300C6BAA3 /* ExtendNSLog.m */,
			);
			name = "Supporting Files";
			sourceTree = "<group>";
		};
		CECB4B6D1B81BDC900F4EBCD /* CalculatorTests */ = {
			isa = PBXGroup;
			children = (
				CECB4B701B81BDC900F4EBCD /* CalculatorTests.m */,
				CECB4B6E1B81BDC900F4EBCD /* Supporting Files */,
			);
			path = CalculatorTests;
			sourceTree = "<group>";
		};
		CECB4B6E1B81BDC900F4EBCD /* Supporting Files */ = {
			isa = PBXGroup;
			children = (
				CECB4B6F1B81BDC900F4EBCD /* Info.plist */,
			);
			name = "Supporting Files";
			sourceTree = "<group>";
		};
		CECF87A71B8DAC7C00733B8B /* Category */ = {
			isa = PBXGroup;
			children = (
				CECF87A81B8DADBF00733B8B /* CategoryEx.h */,
				CECF87A91B8DADBF00733B8B /* CategoryEx.m */,
			);
			name = Category;
			sourceTree = "<group>";
		};
		CEEF77B61B97E76D005D890A /* ThemeModule */ = {
			isa = PBXGroup;
			children = (
				CE51EE921BA136460027D3FA /* ThemePicker */,
				CE51EE911BA136380027D3FA /* ThemeManager */,
			);
			name = ThemeModule;
			sourceTree = "<group>";
		};
/* End PBXGroup section */

/* Begin PBXNativeTarget section */
		CECB4B501B81BDC900F4EBCD /* Calculator */ = {
			isa = PBXNativeTarget;
			buildConfigurationList = CECB4B741B81BDC900F4EBCD /* Build configuration list for PBXNativeTarget "Calculator" */;
			buildPhases = (
				CECB4B4D1B81BDC900F4EBCD /* Sources */,
				CECB4B4E1B81BDC900F4EBCD /* Frameworks */,
				CECB4B4F1B81BDC900F4EBCD /* Resources */,
			);
			buildRules = (
			);
			dependencies = (
			);
			name = Calculator;
			productName = Calculator;
			productReference = CECB4B511B81BDC900F4EBCD /* Calculator.app */;
			productType = "com.apple.product-type.application";
		};
		CECB4B691B81BDC900F4EBCD /* CalculatorTests */ = {
			isa = PBXNativeTarget;
			buildConfigurationList = CECB4B771B81BDC900F4EBCD /* Build configuration list for PBXNativeTarget "CalculatorTests" */;
			buildPhases = (
				CECB4B661B81BDC900F4EBCD /* Sources */,
				CECB4B671B81BDC900F4EBCD /* Frameworks */,
				CECB4B681B81BDC900F4EBCD /* Resources */,
			);
			buildRules = (
			);
			dependencies = (
				CECB4B6C1B81BDC900F4EBCD /* PBXTargetDependency */,
			);
			name = CalculatorTests;
			productName = CalculatorTests;
			productReference = CECB4B6A1B81BDC900F4EBCD /* CalculatorTests.xctest */;
			productType = "com.apple.product-type.bundle.unit-test";
		};
/* End PBXNativeTarget section */

/* Begin PBXProject section */
		CECB4B491B81BDC900F4EBCD /* Project object */ = {
			isa = PBXProject;
			attributes = {
				LastUpgradeCheck = 0640;
				ORGANIZATIONNAME = ArcTech;
				TargetAttributes = {
					CECB4B501B81BDC900F4EBCD = {
						CreatedOnToolsVersion = 6.4;
						DevelopmentTeam = D7S3BX6UT5;
					};
					CECB4B691B81BDC900F4EBCD = {
						CreatedOnToolsVersion = 6.4;
						TestTargetID = CECB4B501B81BDC900F4EBCD;
					};
				};
			};
			buildConfigurationList = CECB4B4C1B81BDC900F4EBCD /* Build configuration list for PBXProject "Calculator" */;
			compatibilityVersion = "Xcode 3.2";
			developmentRegion = English;
			hasScannedForEncodings = 0;
			knownRegions = (
				en,
				Base,
			);
			mainGroup = CECB4B481B81BDC900F4EBCD;
			productRefGroup = CECB4B521B81BDC900F4EBCD /* Products */;
			projectDirPath = "";
			projectRoot = "";
			targets = (
				CECB4B501B81BDC900F4EBCD /* Calculator */,
				CECB4B691B81BDC900F4EBCD /* CalculatorTests */,
			);
		};
/* End PBXProject section */

/* Begin PBXResourcesBuildPhase section */
		CECB4B4F1B81BDC900F4EBCD /* Resources */ = {
			isa = PBXResourcesBuildPhase;
			buildActionMask = 2147483647;
			files = (
				CE87C87F1B8F145800EA3305 /* Neon.ttf in Resources */,
				CE6A74ED1B9409A60080666B /* UnitConversionSetting.plist in Resources */,
				CE87C85E1B8F06EB00EA3305 /* Lato-Regular.ttf in Resources */,
				CE87C85B1B8F04CB00EA3305 /* Lato-Light.ttf in Resources */,
				CE87C85C1B8F04CB00EA3305 /* Lato-Medium.ttf in Resources */,
				CECB4B601B81BDC900F4EBCD /* Main.storyboard in Resources */,
				CEEF77BB1B97EB87005D890A /* ThemeConfig.plist in Resources */,
				CECB4B651B81BDC900F4EBCD /* LaunchScreen.xib in Resources */,
				CECB4B621B81BDC900F4EBCD /* Images.xcassets in Resources */,
			);
			runOnlyForDeploymentPostprocessing = 0;
		};
		CECB4B681B81BDC900F4EBCD /* Resources */ = {
			isa = PBXResourcesBuildPhase;
			buildActionMask = 2147483647;
			files = (
			);
			runOnlyForDeploymentPostprocessing = 0;
		};
/* End PBXResourcesBuildPhase section */

/* Begin PBXSourcesBuildPhase section */
		CECB4B4D1B81BDC900F4EBCD /* Sources */ = {
			isa = PBXSourcesBuildPhase;
			buildActionMask = 2147483647;
			files = (
				CE6CFE481B9583A3006682C7 /* SBJson4StreamParser.m in Sources */,
				CE2E285C1B9048020079012D /* DDEnergyUnitConverter.m in Sources */,
				CE2E28571B9048020079012D /* DDAngleUnitConverter.m in Sources */,
				CE2E28621B9048020079012D /* DDMassUnitConverter.m in Sources */,
				CE2E285A1B9048020079012D /* DDCurrencyUnitConverter.m in Sources */,
				CEC991441B998E510071442A /* MainMenuBtnView.m in Sources */,
				CE13B9A81B86B8D8007C58BF /* RecordMenuViewController.m in Sources */,
				CE13B9AB1B86B8F1007C58BF /* RecordMenuCell.m in Sources */,
				CE2E281C1B9034790079012D /* UnitPickViewController.m in Sources */,
				CE5EBD011B831898001B5FD4 /* LeftMenuViewController.m in Sources */,
				CE2E286B1B9048020079012D /* DDVolumeUnitConverter.m in Sources */,
				CE6CFE511B9583F6006682C7 /* YFCurrencyConversion.m in Sources */,
				CE39EF071B9FE11D0075D532 /* ConverterInputView.m in Sources */,
				CE2E28071B8FF9610079012D /* NavController.m in Sources */,
				CE2E28691B9048020079012D /* DDUnitConverter.m in Sources */,
				CE2E28131B9032850079012D /* FPTouchView.m in Sources */,
				CE8351B51BA69E9000C6BAA3 /* CacheManager.m in Sources */,
				CECB4B5D1B81BDC900F4EBCD /* CalculatorViewController.m in Sources */,
				CE6CFE4B1B9583A3006682C7 /* SBJson4StreamWriter.m in Sources */,
				CE43B4221B8462F80010B514 /* LeftMenuItemCell.m in Sources */,
				CE2E285E1B9048020079012D /* DDIlluminationUnitConverter.m in Sources */,
				CE2E28231B903D160079012D /* UnitPickCell.m in Sources */,
				CE2E28611B9048020079012D /* DDMagnitudeUnitConverter.m in Sources */,
				CE2E28121B9032850079012D /* FPPopoverView.m in Sources */,
				CE2E285D1B9048020079012D /* DDForceUnitConverter.m in Sources */,
				CE6CFE361B958264006682C7 /* ASINetworkQueue.m in Sources */,
				CECB4B5A1B81BDC900F4EBCD /* AppDelegate.m in Sources */,
				CE2E28681B9048020079012D /* DDTorqueUnitConverter.m in Sources */,
				CE2E28201B9035FE0079012D /* ConverterViewController.m in Sources */,
				CE6907291B8AB18400B8852B /* MainMenuViewController.m in Sources */,
				CE2E28661B9048020079012D /* DDTemperatureUnitConverter.m in Sources */,
				CE6A74EB1B93E9870080666B /* ConverterManager.m in Sources */,
				CEEF77B91B97E795005D890A /* ThemeManager.m in Sources */,
				CE51EE951BA1366F0027D3FA /* ThemePickerViewController.m in Sources */,
				CE6CFE331B958264006682C7 /* ASIFormDataRequest.m in Sources */,
				CEB79A3C1B858399001C7806 /* Helper.m in Sources */,
				CE2E28601B9048020079012D /* DDLengthUnitConverter.m in Sources */,
				CE2E28651B9048020079012D /* DDRadiationUnitConverter.m in Sources */,
				CE8351B11BA697D300C6BAA3 /* ExtendNSLog.m in Sources */,
				CE13B9AF1B86C0C8007C58BF /* DelegateViewController.m in Sources */,
				CE6CFE311B958264006682C7 /* ASIDataDecompressor.m in Sources */,
				CE6CFE4D1B9583A3006682C7 /* SBJson4Writer.m in Sources */,
				CE6CFE2F1B958264006682C7 /* ASIAuthenticationDialog.m in Sources */,
				CE2E285B1B9048020079012D /* DDCurrentUnitConverter.m in Sources */,
				CE2E28581B9048020079012D /* DDAreaUnitConverter.m in Sources */,
				CE6CFE4C1B9583A3006682C7 /* SBJson4StreamWriterState.m in Sources */,
				CE84A8251B8C3D57001AD1AC /* GridButton.m in Sources */,
				CE6CFE321B958264006682C7 /* ASIDownloadCache.m in Sources */,
				CEB79A361B857082001C7806 /* RecordManager.m in Sources */,
				CE2E28631B9048020079012D /* DDPowerUnitConverter.m in Sources */,
				CE2E286A1B9048020079012D /* DDVelocityUnitConverter.m in Sources */,
				CE2E28671B9048020079012D /* DDTimeUnitConverter.m in Sources */,
				CE6CFE491B9583A3006682C7 /* SBJson4StreamParserState.m in Sources */,
				CE6CFE351B958264006682C7 /* ASIInputStream.m in Sources */,
				CE2E28561B9048020079012D /* DDAccelerationUnitConverter.m in Sources */,
				CE51EE981BA151020027D3FA /* ThemePickerCell.m in Sources */,
				CEC991471B998E9F0071442A /* DelegateView.m in Sources */,
				CE6CFE341B958264006682C7 /* ASIHTTPRequest.m in Sources */,
				CE2E286C1B9048020079012D /* NSDecimalNumber+DDConstants.m in Sources */,
				CE2E28111B9032850079012D /* FPPopoverController.m in Sources */,
				CECB4B571B81BDC900F4EBCD /* main.m in Sources */,
				CECF87AA1B8DADBF00733B8B /* CategoryEx.m in Sources */,
				CE6CFE471B9583A3006682C7 /* SBJson4Parser.m in Sources */,
				CE6CFE0F1B9580E1006682C7 /* Reachability.m in Sources */,
				CE2E28641B9048020079012D /* DDPressureUnitConverter.m in Sources */,
				CE6CFE4A1B9583A3006682C7 /* SBJson4StreamTokeniser.m in Sources */,
				CE6CFE541B95841F006682C7 /* YFTwoValueObject.m in Sources */,
				CE2E285F1B9048020079012D /* DDInductanceUnitConverter.m in Sources */,
				CE2E28591B9048020079012D /* DDByteUnitConverter.m in Sources */,
				CE6CFE301B958264006682C7 /* ASIDataCompressor.m in Sources */,
			);
			runOnlyForDeploymentPostprocessing = 0;
		};
		CECB4B661B81BDC900F4EBCD /* Sources */ = {
			isa = PBXSourcesBuildPhase;
			buildActionMask = 2147483647;
			files = (
				CECB4B711B81BDC900F4EBCD /* CalculatorTests.m in Sources */,
			);
			runOnlyForDeploymentPostprocessing = 0;
		};
/* End PBXSourcesBuildPhase section */

/* Begin PBXTargetDependency section */
		CECB4B6C1B81BDC900F4EBCD /* PBXTargetDependency */ = {
			isa = PBXTargetDependency;
			target = CECB4B501B81BDC900F4EBCD /* Calculator */;
			targetProxy = CECB4B6B1B81BDC900F4EBCD /* PBXContainerItemProxy */;
		};
/* End PBXTargetDependency section */

/* Begin PBXVariantGroup section */
		CECB4B5E1B81BDC900F4EBCD /* Main.storyboard */ = {
			isa = PBXVariantGroup;
			children = (
				CECB4B5F1B81BDC900F4EBCD /* Base */,
			);
			name = Main.storyboard;
			sourceTree = "<group>";
		};
		CECB4B631B81BDC900F4EBCD /* LaunchScreen.xib */ = {
			isa = PBXVariantGroup;
			children = (
				CECB4B641B81BDC900F4EBCD /* Base */,
			);
			name = LaunchScreen.xib;
			sourceTree = "<group>";
		};
/* End PBXVariantGroup section */

/* Begin XCBuildConfiguration section */
		CECB4B721B81BDC900F4EBCD /* Debug */ = {
			isa = XCBuildConfiguration;
			buildSettings = {
				ALWAYS_SEARCH_USER_PATHS = NO;
				CLANG_CXX_LANGUAGE_STANDARD = "gnu++0x";
				CLANG_CXX_LIBRARY = "libc++";
				CLANG_ENABLE_MODULES = YES;
				CLANG_ENABLE_OBJC_ARC = YES;
				CLANG_WARN_BOOL_CONVERSION = YES;
				CLANG_WARN_CONSTANT_CONVERSION = YES;
				CLANG_WARN_DIRECT_OBJC_ISA_USAGE = YES_ERROR;
				CLANG_WARN_EMPTY_BODY = YES;
				CLANG_WARN_ENUM_CONVERSION = YES;
				CLANG_WARN_INT_CONVERSION = YES;
				CLANG_WARN_OBJC_ROOT_CLASS = YES_ERROR;
				CLANG_WARN_UNREACHABLE_CODE = YES;
				CLANG_WARN__DUPLICATE_METHOD_MATCH = YES;
				"CODE_SIGN_IDENTITY[sdk=iphoneos*]" = "iPhone Developer";
				COPY_PHASE_STRIP = NO;
				DEBUG_INFORMATION_FORMAT = "dwarf-with-dsym";
				ENABLE_STRICT_OBJC_MSGSEND = YES;
				GCC_C_LANGUAGE_STANDARD = gnu99;
				GCC_DYNAMIC_NO_PIC = NO;
				GCC_NO_COMMON_BLOCKS = YES;
				GCC_OPTIMIZATION_LEVEL = 0;
				GCC_PREPROCESSOR_DEFINITIONS = (
					"DEBUG=1",
					"$(inherited)",
				);
				GCC_SYMBOLS_PRIVATE_EXTERN = NO;
				GCC_WARN_64_TO_32_BIT_CONVERSION = YES;
				GCC_WARN_ABOUT_RETURN_TYPE = YES_ERROR;
				GCC_WARN_UNDECLARED_SELECTOR = YES;
				GCC_WARN_UNINITIALIZED_AUTOS = YES_AGGRESSIVE;
				GCC_WARN_UNUSED_FUNCTION = YES;
				GCC_WARN_UNUSED_VARIABLE = YES;
				IPHONEOS_DEPLOYMENT_TARGET = 8.4;
				MTL_ENABLE_DEBUG_INFO = YES;
				ONLY_ACTIVE_ARCH = YES;
				SDKROOT = iphoneos;
				TARGETED_DEVICE_FAMILY = "1,2";
			};
			name = Debug;
		};
		CECB4B731B81BDC900F4EBCD /* Release */ = {
			isa = XCBuildConfiguration;
			buildSettings = {
				ALWAYS_SEARCH_USER_PATHS = NO;
				CLANG_CXX_LANGUAGE_STANDARD = "gnu++0x";
				CLANG_CXX_LIBRARY = "libc++";
				CLANG_ENABLE_MODULES = YES;
				CLANG_ENABLE_OBJC_ARC = YES;
				CLANG_WARN_BOOL_CONVERSION = YES;
				CLANG_WARN_CONSTANT_CONVERSION = YES;
				CLANG_WARN_DIRECT_OBJC_ISA_USAGE = YES_ERROR;
				CLANG_WARN_EMPTY_BODY = YES;
				CLANG_WARN_ENUM_CONVERSION = YES;
				CLANG_WARN_INT_CONVERSION = YES;
				CLANG_WARN_OBJC_ROOT_CLASS = YES_ERROR;
				CLANG_WARN_UNREACHABLE_CODE = YES;
				CLANG_WARN__DUPLICATE_METHOD_MATCH = YES;
				"CODE_SIGN_IDENTITY[sdk=iphoneos*]" = "iPhone Developer";
				COPY_PHASE_STRIP = NO;
				DEBUG_INFORMATION_FORMAT = "dwarf-with-dsym";
				ENABLE_NS_ASSERTIONS = NO;
				ENABLE_STRICT_OBJC_MSGSEND = YES;
				GCC_C_LANGUAGE_STANDARD = gnu99;
				GCC_NO_COMMON_BLOCKS = YES;
				GCC_WARN_64_TO_32_BIT_CONVERSION = YES;
				GCC_WARN_ABOUT_RETURN_TYPE = YES_ERROR;
				GCC_WARN_UNDECLARED_SELECTOR = YES;
				GCC_WARN_UNINITIALIZED_AUTOS = YES_AGGRESSIVE;
				GCC_WARN_UNUSED_FUNCTION = YES;
				GCC_WARN_UNUSED_VARIABLE = YES;
				IPHONEOS_DEPLOYMENT_TARGET = 8.4;
				MTL_ENABLE_DEBUG_INFO = NO;
				SDKROOT = iphoneos;
				TARGETED_DEVICE_FAMILY = "1,2";
				VALIDATE_PRODUCT = YES;
			};
			name = Release;
		};
		CECB4B751B81BDC900F4EBCD /* Debug */ = {
			isa = XCBuildConfiguration;
			buildSettings = {
				ASSETCATALOG_COMPILER_APPICON_NAME = AppIcon;
				CODE_SIGN_IDENTITY = "iPhone Developer";
				"CODE_SIGN_IDENTITY[sdk=iphoneos*]" = "iPhone Developer";
				GCC_PREFIX_HEADER = Calculator/ExtendNSLog_Prefix.pch;
				GCC_PREPROCESSOR_DEFINITIONS = "$(inherited)";
				INFOPLIST_FILE = Calculator/Info.plist;
				IPHONEOS_DEPLOYMENT_TARGET = 8.0;
				LD_RUNPATH_SEARCH_PATHS = "$(inherited) @executable_path/Frameworks";
				PRODUCT_NAME = "$(TARGET_NAME)";
				PROVISIONING_PROFILE = "";
			};
			name = Debug;
		};
		CECB4B761B81BDC900F4EBCD /* Release */ = {
			isa = XCBuildConfiguration;
			buildSettings = {
				ASSETCATALOG_COMPILER_APPICON_NAME = AppIcon;
				CODE_SIGN_IDENTITY = "iPhone Developer";
				"CODE_SIGN_IDENTITY[sdk=iphoneos*]" = "iPhone Developer";
				GCC_PREFIX_HEADER = Calculator/ExtendNSLog_Prefix.pch;
				INFOPLIST_FILE = Calculator/Info.plist;
				IPHONEOS_DEPLOYMENT_TARGET = 8.0;
				LD_RUNPATH_SEARCH_PATHS = "$(inherited) @executable_path/Frameworks";
				PRODUCT_NAME = "$(TARGET_NAME)";
				PROVISIONING_PROFILE = "";
			};
			name = Release;
		};
		CECB4B781B81BDC900F4EBCD /* Debug */ = {
			isa = XCBuildConfiguration;
			buildSettings = {
				BUNDLE_LOADER = "$(TEST_HOST)";
				FRAMEWORK_SEARCH_PATHS = (
					"$(SDKROOT)/Developer/Library/Frameworks",
					"$(inherited)",
				);
				GCC_PREPROCESSOR_DEFINITIONS = (
					"DEBUG=1",
					"$(inherited)",
				);
				INFOPLIST_FILE = CalculatorTests/Info.plist;
				LD_RUNPATH_SEARCH_PATHS = "$(inherited) @executable_path/Frameworks @loader_path/Frameworks";
				PRODUCT_NAME = "$(TARGET_NAME)";
				TEST_HOST = "$(BUILT_PRODUCTS_DIR)/Calculator.app/Calculator";
			};
			name = Debug;
		};
		CECB4B791B81BDC900F4EBCD /* Release */ = {
			isa = XCBuildConfiguration;
			buildSettings = {
				BUNDLE_LOADER = "$(TEST_HOST)";
				FRAMEWORK_SEARCH_PATHS = (
					"$(SDKROOT)/Developer/Library/Frameworks",
					"$(inherited)",
				);
				INFOPLIST_FILE = CalculatorTests/Info.plist;
				LD_RUNPATH_SEARCH_PATHS = "$(inherited) @executable_path/Frameworks @loader_path/Frameworks";
				PRODUCT_NAME = "$(TARGET_NAME)";
				TEST_HOST = "$(BUILT_PRODUCTS_DIR)/Calculator.app/Calculator";
			};
			name = Release;
		};
/* End XCBuildConfiguration section */

/* Begin XCConfigurationList section */
		CECB4B4C1B81BDC900F4EBCD /* Build configuration list for PBXProject "Calculator" */ = {
			isa = XCConfigurationList;
			buildConfigurations = (
				CECB4B721B81BDC900F4EBCD /* Debug */,
				CECB4B731B81BDC900F4EBCD /* Release */,
			);
			defaultConfigurationIsVisible = 0;
			defaultConfigurationName = Release;
		};
		CECB4B741B81BDC900F4EBCD /* Build configuration list for PBXNativeTarget "Calculator" */ = {
			isa = XCConfigurationList;
			buildConfigurations = (
				CECB4B751B81BDC900F4EBCD /* Debug */,
				CECB4B761B81BDC900F4EBCD /* Release */,
			);
			defaultConfigurationIsVisible = 0;
			defaultConfigurationName = Release;
		};
		CECB4B771B81BDC900F4EBCD /* Build configuration list for PBXNativeTarget "CalculatorTests" */ = {
			isa = XCConfigurationList;
			buildConfigurations = (
				CECB4B781B81BDC900F4EBCD /* Debug */,
				CECB4B791B81BDC900F4EBCD /* Release */,
			);
			defaultConfigurationIsVisible = 0;
			defaultConfigurationName = Release;
		};
/* End XCConfigurationList section */
	};
	rootObject = CECB4B491B81BDC900F4EBCD /* Project object */;
}
